{
  "version": 4,
  "terraform_version": "0.12.6",
  "serial": 59,
  "lineage": "7df3e5fa-ae70-27a4-197e-b0a972f8c9d1",
  "outputs": {},
  "resources": [
    {
      "module": "module.vnet",
      "mode": "data",
      "type": "azurerm_public_ip",
      "name": "cluster_public_ip",
      "provider": "provider.azurerm",
      "instances": [
        {
          "schema_version": 0,
          "attributes": {
            "allocation_method": "Static",
            "domain_name_label": "openshift-lnkh2",
            "fqdn": "openshift-lnkh2.uksouth.cloudapp.azure.com",
            "id": "/subscriptions/4834425c-3ea3-4c98-8736-36cc889377b4/resourceGroups/openshift-lnkh2-rg/providers/Microsoft.Network/publicIPAddresses/openshift-lnkh2-pip",
            "idle_timeout_in_minutes": 4,
            "ip_address": "51.143.226.96",
            "ip_version": "IPv4",
            "location": "uksouth",
            "name": "openshift-lnkh2-pip",
            "resource_group_name": "openshift-lnkh2-rg",
            "reverse_fqdn": "",
            "sku": "Standard",
            "tags": {},
            "timeouts": null,
            "zones": []
          },
          "depends_on": [
            "azurerm_public_ip.cluster_public_ip"
          ]
        }
      ]
    },
    {
      "mode": "data",
      "type": "azurerm_storage_account_sas",
      "name": "ignition",
      "provider": "provider.azurerm",
      "instances": [
        {
          "schema_version": 0,
          "attributes": {
            "connection_string": "DefaultEndpointsProtocol=https;AccountName=ignitionlnkh2;AccountKey=SDB5Ulk/WOaPWb5R6oLITZ99sKi1FXlHtRweMIlS1P2jdIIEANr3DYDg0hLlo8kv1RWLO/Hc+ozXhystAA39xg==;EndpointSuffix=core.windows.net",
            "expiry": "2021-04-21T23:20:17Z",
            "https_only": true,
            "id": "1c8eaaaf0d5e8b30cab26e64a33f549bb18546134930769519781d6951f51896",
            "permissions": [
              {
                "add": false,
                "create": false,
                "delete": false,
                "list": true,
                "process": false,
                "read": true,
                "update": false,
                "write": false
              }
            ],
            "resource_types": [
              {
                "container": false,
                "object": true,
                "service": false
              }
            ],
            "sas": "?sv=2017-07-29\u0026ss=b\u0026srt=o\u0026sp=rl\u0026se=2021-04-21T23:20:17Z\u0026st=2021-04-20T23:20:17Z\u0026spr=https\u0026sig=LHPCkt5fbzFjYg65770HSWoTXaqebd%2FB6OqfuHwkZ5I%3D",
            "services": [
              {
                "blob": true,
                "file": false,
                "queue": false,
                "table": false
              }
            ],
            "signed_version": "2017-07-29",
            "start": "2021-04-20T23:20:17Z",
            "timeouts": null
          },
          "depends_on": [
            "azurerm_storage_account.ignition"
          ]
        }
      ]
    },
    {
      "module": "module.bootstrap",
      "mode": "data",
      "type": "azurerm_subscription",
      "name": "current",
      "provider": "provider.azurerm",
      "instances": [
        {
          "schema_version": 0,
          "attributes": {
            "display_name": "Pay-As-You-Go",
            "id": "/subscriptions/4834425c-3ea3-4c98-8736-36cc889377b4",
            "location_placement_id": "Public_2014-09-01",
            "quota_id": "PayAsYouGo_2014-09-01",
            "spending_limit": "Off",
            "state": "Enabled",
            "subscription_id": "4834425c-3ea3-4c98-8736-36cc889377b4",
            "tags": {},
            "tenant_id": "fd1753c9-a6ed-427e-adf2-2d24e68e6da5",
            "timeouts": null
          }
        }
      ]
    },
    {
      "module": "module.master",
      "mode": "data",
      "type": "azurerm_subscription",
      "name": "current",
      "provider": "provider.azurerm",
      "instances": [
        {
          "schema_version": 0,
          "attributes": {
            "display_name": "Pay-As-You-Go",
            "id": "/subscriptions/4834425c-3ea3-4c98-8736-36cc889377b4",
            "location_placement_id": "Public_2014-09-01",
            "quota_id": "PayAsYouGo_2014-09-01",
            "spending_limit": "Off",
            "state": "Enabled",
            "subscription_id": "4834425c-3ea3-4c98-8736-36cc889377b4",
            "tags": {},
            "tenant_id": "fd1753c9-a6ed-427e-adf2-2d24e68e6da5",
            "timeouts": null
          }
        }
      ]
    },
    {
      "mode": "data",
      "type": "ignition_config",
      "name": "bootstrap_redirect",
      "provider": "provider.ignition",
      "instances": []
    },
    {
      "mode": "data",
      "type": "ignition_config",
      "name": "master_redirect",
      "provider": "provider.ignition",
      "instances": []
    },
    {
      "mode": "data",
      "type": "ignition_config",
      "name": "worker_redirect",
      "provider": "provider.ignition",
      "instances": []
    },
    {
      "module": "module.dns",
      "mode": "managed",
      "type": "azurerm_dns_a_record",
      "name": "etcd_a_nodes",
      "each": "list",
      "provider": "provider.azurerm",
      "instances": [
        {
          "index_key": 0,
          "schema_version": 0,
          "attributes": {
            "fqdn": "etcd-0.openshift.example.com.",
            "id": "/subscriptions/4834425c-3ea3-4c98-8736-36cc889377b4/resourceGroups/openshift-lnkh2-rg/providers/Microsoft.Network/dnszones/openshift.example.com/A/etcd-0",
            "name": "etcd-0",
            "records": [
              "10.0.0.5"
            ],
            "resource_group_name": "openshift-lnkh2-rg",
            "tags": null,
            "target_resource_id": "",
            "timeouts": null,
            "ttl": 60,
            "zone_name": "openshift.example.com"
          },
          "private": "eyJlMmJmYjczMC1lY2FhLTExZTYtOGY4OC0zNDM2M2JjN2M0YzAiOnsiY3JlYXRlIjoxODAwMDAwMDAwMDAwLCJkZWxldGUiOjE4MDAwMDAwMDAwMDAsInJlYWQiOjMwMDAwMDAwMDAwMCwidXBkYXRlIjoxODAwMDAwMDAwMDAwfX0="
        },
        {
          "index_key": 1,
          "schema_version": 0,
          "attributes": {
            "fqdn": "etcd-1.openshift.example.com.",
            "id": "/subscriptions/4834425c-3ea3-4c98-8736-36cc889377b4/resourceGroups/openshift-lnkh2-rg/providers/Microsoft.Network/dnszones/openshift.example.com/A/etcd-1",
            "name": "etcd-1",
            "records": [
              "10.0.0.6"
            ],
            "resource_group_name": "openshift-lnkh2-rg",
            "tags": null,
            "target_resource_id": "",
            "timeouts": null,
            "ttl": 60,
            "zone_name": "openshift.example.com"
          },
          "private": "eyJlMmJmYjczMC1lY2FhLTExZTYtOGY4OC0zNDM2M2JjN2M0YzAiOnsiY3JlYXRlIjoxODAwMDAwMDAwMDAwLCJkZWxldGUiOjE4MDAwMDAwMDAwMDAsInJlYWQiOjMwMDAwMDAwMDAwMCwidXBkYXRlIjoxODAwMDAwMDAwMDAwfX0="
        },
        {
          "index_key": 2,
          "schema_version": 0,
          "attributes": {
            "fqdn": "etcd-2.openshift.example.com.",
            "id": "/subscriptions/4834425c-3ea3-4c98-8736-36cc889377b4/resourceGroups/openshift-lnkh2-rg/providers/Microsoft.Network/dnszones/openshift.example.com/A/etcd-2",
            "name": "etcd-2",
            "records": [
              "10.0.0.7"
            ],
            "resource_group_name": "openshift-lnkh2-rg",
            "tags": null,
            "target_resource_id": "",
            "timeouts": null,
            "ttl": 60,
            "zone_name": "openshift.example.com"
          },
          "private": "eyJlMmJmYjczMC1lY2FhLTExZTYtOGY4OC0zNDM2M2JjN2M0YzAiOnsiY3JlYXRlIjoxODAwMDAwMDAwMDAwLCJkZWxldGUiOjE4MDAwMDAwMDAwMDAsInJlYWQiOjMwMDAwMDAwMDAwMCwidXBkYXRlIjoxODAwMDAwMDAwMDAwfX0="
        }
      ]
    },
    {
      "module": "module.dns",
      "mode": "managed",
      "type": "azurerm_dns_cname_record",
      "name": "api_internal",
      "provider": "provider.azurerm",
      "instances": [
        {
          "schema_version": 0,
          "attributes": {
            "fqdn": "api.openshift.example.com.",
            "id": "/subscriptions/4834425c-3ea3-4c98-8736-36cc889377b4/resourceGroups/openshift-lnkh2-rg/providers/Microsoft.Network/dnszones/openshift.example.com/CNAME/api",
            "name": "api",
            "record": "openshift-lnkh2.uksouth.cloudapp.azure.com",
            "resource_group_name": "openshift-lnkh2-rg",
            "tags": null,
            "target_resource_id": "",
            "timeouts": null,
            "ttl": 300,
            "zone_name": "openshift.example.com"
          },
          "private": "eyJlMmJmYjczMC1lY2FhLTExZTYtOGY4OC0zNDM2M2JjN2M0YzAiOnsiY3JlYXRlIjoxODAwMDAwMDAwMDAwLCJkZWxldGUiOjE4MDAwMDAwMDAwMDAsInJlYWQiOjMwMDAwMDAwMDAwMCwidXBkYXRlIjoxODAwMDAwMDAwMDAwfX0="
        }
      ]
    },
    {
      "module": "module.dns",
      "mode": "managed",
      "type": "azurerm_dns_cname_record",
      "name": "apiint_internal",
      "provider": "provider.azurerm",
      "instances": [
        {
          "schema_version": 0,
          "attributes": {
            "fqdn": "api-int.openshift.example.com.",
            "id": "/subscriptions/4834425c-3ea3-4c98-8736-36cc889377b4/resourceGroups/openshift-lnkh2-rg/providers/Microsoft.Network/dnszones/openshift.example.com/CNAME/api-int",
            "name": "api-int",
            "record": "openshift-lnkh2.uksouth.cloudapp.azure.com",
            "resource_group_name": "openshift-lnkh2-rg",
            "tags": null,
            "target_resource_id": "",
            "timeouts": null,
            "ttl": 300,
            "zone_name": "openshift.example.com"
          },
          "private": "eyJlMmJmYjczMC1lY2FhLTExZTYtOGY4OC0zNDM2M2JjN2M0YzAiOnsiY3JlYXRlIjoxODAwMDAwMDAwMDAwLCJkZWxldGUiOjE4MDAwMDAwMDAwMDAsInJlYWQiOjMwMDAwMDAwMDAwMCwidXBkYXRlIjoxODAwMDAwMDAwMDAwfX0="
        }
      ]
    },
    {
      "module": "module.dns",
      "mode": "managed",
      "type": "azurerm_dns_cname_record",
      "name": "router_internal",
      "provider": "provider.azurerm",
      "instances": [
        {
          "schema_version": 0,
          "attributes": {
            "fqdn": "*.apps.openshift.example.com.",
            "id": "/subscriptions/4834425c-3ea3-4c98-8736-36cc889377b4/resourceGroups/openshift-lnkh2-rg/providers/Microsoft.Network/dnszones/openshift.example.com/CNAME/*.apps",
            "name": "*.apps",
            "record": "openshift-lnkh2.uksouth.cloudapp.azure.com",
            "resource_group_name": "openshift-lnkh2-rg",
            "tags": null,
            "target_resource_id": "",
            "timeouts": null,
            "ttl": 300,
            "zone_name": "openshift.example.com"
          },
          "private": "eyJlMmJmYjczMC1lY2FhLTExZTYtOGY4OC0zNDM2M2JjN2M0YzAiOnsiY3JlYXRlIjoxODAwMDAwMDAwMDAwLCJkZWxldGUiOjE4MDAwMDAwMDAwMDAsInJlYWQiOjMwMDAwMDAwMDAwMCwidXBkYXRlIjoxODAwMDAwMDAwMDAwfX0="
        }
      ]
    },
    {
      "module": "module.dns",
      "mode": "managed",
      "type": "azurerm_dns_srv_record",
      "name": "etcd_cluster",
      "provider": "provider.azurerm",
      "instances": [
        {
          "schema_version": 0,
          "attributes": {
            "fqdn": "_etcd-server-ssl._tcp.openshift.example.com.",
            "id": "/subscriptions/4834425c-3ea3-4c98-8736-36cc889377b4/resourceGroups/openshift-lnkh2-rg/providers/Microsoft.Network/dnszones/openshift.example.com/SRV/_etcd-server-ssl._tcp",
            "name": "_etcd-server-ssl._tcp",
            "record": [
              {
                "port": 2380,
                "priority": 10,
                "target": "etcd-0.openshift.example.com",
                "weight": 10
              },
              {
                "port": 2380,
                "priority": 10,
                "target": "etcd-1.openshift.example.com",
                "weight": 10
              },
              {
                "port": 2380,
                "priority": 10,
                "target": "etcd-2.openshift.example.com",
                "weight": 10
              }
            ],
            "resource_group_name": "openshift-lnkh2-rg",
            "tags": null,
            "timeouts": null,
            "ttl": 60,
            "zone_name": "openshift.example.com"
          },
          "private": "eyJlMmJmYjczMC1lY2FhLTExZTYtOGY4OC0zNDM2M2JjN2M0YzAiOnsiY3JlYXRlIjoxODAwMDAwMDAwMDAwLCJkZWxldGUiOjE4MDAwMDAwMDAwMDAsInJlYWQiOjMwMDAwMDAwMDAwMCwidXBkYXRlIjoxODAwMDAwMDAwMDAwfX0=",
          "depends_on": [
            "azurerm_dns_a_record.etcd_a_nodes"
          ]
        }
      ]
    },
    {
      "mode": "managed",
      "type": "azurerm_dns_zone",
      "name": "private",
      "provider": "provider.azurerm",
      "instances": [
        {
          "schema_version": 1,
          "attributes": {
            "id": "/subscriptions/4834425c-3ea3-4c98-8736-36cc889377b4/resourceGroups/openshift-lnkh2-rg/providers/Microsoft.Network/dnszones/openshift.example.com",
            "max_number_of_record_sets": 10000,
            "name": "openshift.example.com",
            "name_servers": [
              "ns1-07.azure-dns.com.",
              "ns2-07.azure-dns.net.",
              "ns3-07.azure-dns.org.",
              "ns4-07.azure-dns.info."
            ],
            "number_of_record_sets": 2,
            "resource_group_name": "openshift-lnkh2-rg",
            "soa_record": [
              {
                "email": "azuredns-hostmaster.microsoft.com",
                "expire_time": 2419200,
                "fqdn": "openshift.example.com.",
                "host_name": "ns1-07.azure-dns.com.",
                "minimum_ttl": 300,
                "refresh_time": 3600,
                "retry_time": 300,
                "serial_number": 1,
                "tags": {},
                "ttl": 3600
              }
            ],
            "tags": null,
            "timeouts": null
          },
          "private": "eyJlMmJmYjczMC1lY2FhLTExZTYtOGY4OC0zNDM2M2JjN2M0YzAiOnsiY3JlYXRlIjoxODAwMDAwMDAwMDAwLCJkZWxldGUiOjE4MDAwMDAwMDAwMDAsInJlYWQiOjMwMDAwMDAwMDAwMCwidXBkYXRlIjoxODAwMDAwMDAwMDAwfSwic2NoZW1hX3ZlcnNpb24iOiIxIn0=",
          "depends_on": [
            "azurerm_resource_group.main"
          ]
        }
      ]
    },
    {
      "module": "module.vnet",
      "mode": "managed",
      "type": "azurerm_lb",
      "name": "internal",
      "provider": "provider.azurerm",
      "instances": [
        {
          "schema_version": 0,
          "attributes": {
            "frontend_ip_configuration": [
              {
                "id": "/subscriptions/4834425c-3ea3-4c98-8736-36cc889377b4/resourceGroups/openshift-lnkh2-rg/providers/Microsoft.Network/loadBalancers/openshift-lnkh2-internal-lb/frontendIPConfigurations/internal-lb-ip",
                "inbound_nat_rules": [],
                "load_balancer_rules": [],
                "name": "internal-lb-ip",
                "outbound_rules": [],
                "private_ip_address": "10.0.31.254",
                "private_ip_address_allocation": "Static",
                "private_ip_address_version": "IPv4",
                "public_ip_address_id": "",
                "public_ip_prefix_id": "",
                "subnet_id": "/subscriptions/4834425c-3ea3-4c98-8736-36cc889377b4/resourceGroups/openshift-lnkh2-rg/providers/Microsoft.Network/virtualNetworks/openshift-lnkh2-vnet/subnets/openshift-lnkh2-master-subnet",
                "zones": null
              }
            ],
            "id": "/subscriptions/4834425c-3ea3-4c98-8736-36cc889377b4/resourceGroups/openshift-lnkh2-rg/providers/Microsoft.Network/loadBalancers/openshift-lnkh2-internal-lb",
            "location": "uksouth",
            "name": "openshift-lnkh2-internal-lb",
            "private_ip_address": "10.0.31.254",
            "private_ip_addresses": [
              "10.0.31.254"
            ],
            "resource_group_name": "openshift-lnkh2-rg",
            "sku": "Standard",
            "tags": null,
            "timeouts": null
          },
          "private": "eyJlMmJmYjczMC1lY2FhLTExZTYtOGY4OC0zNDM2M2JjN2M0YzAiOnsiY3JlYXRlIjoxODAwMDAwMDAwMDAwLCJkZWxldGUiOjE4MDAwMDAwMDAwMDAsInJlYWQiOjMwMDAwMDAwMDAwMCwidXBkYXRlIjoxODAwMDAwMDAwMDAwfX0=",
          "depends_on": [
            "azurerm_subnet.master_subnet"
          ]
        }
      ]
    },
    {
      "module": "module.vnet",
      "mode": "managed",
      "type": "azurerm_lb",
      "name": "public",
      "provider": "provider.azurerm",
      "instances": [
        {
          "schema_version": 0,
          "attributes": {
            "frontend_ip_configuration": [
              {
                "id": "/subscriptions/4834425c-3ea3-4c98-8736-36cc889377b4/resourceGroups/openshift-lnkh2-rg/providers/Microsoft.Network/loadBalancers/openshift-lnkh2-public-lb/frontendIPConfigurations/public-lb-ip",
                "inbound_nat_rules": [],
                "load_balancer_rules": [],
                "name": "public-lb-ip",
                "outbound_rules": [],
                "private_ip_address": "",
                "private_ip_address_allocation": "Dynamic",
                "private_ip_address_version": "IPv4",
                "public_ip_address_id": "/subscriptions/4834425c-3ea3-4c98-8736-36cc889377b4/resourceGroups/openshift-lnkh2-rg/providers/Microsoft.Network/publicIPAddresses/openshift-lnkh2-pip",
                "public_ip_prefix_id": "",
                "subnet_id": "",
                "zones": null
              }
            ],
            "id": "/subscriptions/4834425c-3ea3-4c98-8736-36cc889377b4/resourceGroups/openshift-lnkh2-rg/providers/Microsoft.Network/loadBalancers/openshift-lnkh2-public-lb",
            "location": "uksouth",
            "name": "openshift-lnkh2-public-lb",
            "private_ip_address": "",
            "private_ip_addresses": [],
            "resource_group_name": "openshift-lnkh2-rg",
            "sku": "Standard",
            "tags": null,
            "timeouts": null
          },
          "private": "eyJlMmJmYjczMC1lY2FhLTExZTYtOGY4OC0zNDM2M2JjN2M0YzAiOnsiY3JlYXRlIjoxODAwMDAwMDAwMDAwLCJkZWxldGUiOjE4MDAwMDAwMDAwMDAsInJlYWQiOjMwMDAwMDAwMDAwMCwidXBkYXRlIjoxODAwMDAwMDAwMDAwfX0=",
          "depends_on": [
            "azurerm_public_ip.cluster_public_ip"
          ]
        }
      ]
    },
    {
      "module": "module.vnet",
      "mode": "managed",
      "type": "azurerm_lb_backend_address_pool",
      "name": "internal_lb_controlplane_pool",
      "provider": "provider.azurerm",
      "instances": [
        {
          "schema_version": 0,
          "attributes": {
            "backend_address": [],
            "backend_ip_configurations": [],
            "id": "/subscriptions/4834425c-3ea3-4c98-8736-36cc889377b4/resourceGroups/openshift-lnkh2-rg/providers/Microsoft.Network/loadBalancers/openshift-lnkh2-internal-lb/backendAddressPools/openshift-lnkh2-internal-controlplane",
            "load_balancing_rules": [],
            "loadbalancer_id": "/subscriptions/4834425c-3ea3-4c98-8736-36cc889377b4/resourceGroups/openshift-lnkh2-rg/providers/Microsoft.Network/loadBalancers/openshift-lnkh2-internal-lb",
            "name": "openshift-lnkh2-internal-controlplane",
            "outbound_rules": [],
            "resource_group_name": "openshift-lnkh2-rg",
            "timeouts": null
          },
          "private": "eyJlMmJmYjczMC1lY2FhLTExZTYtOGY4OC0zNDM2M2JjN2M0YzAiOnsiY3JlYXRlIjoxODAwMDAwMDAwMDAwLCJkZWxldGUiOjE4MDAwMDAwMDAwMDAsInJlYWQiOjMwMDAwMDAwMDAwMCwidXBkYXRlIjoxODAwMDAwMDAwMDAwfX0=",
          "depends_on": [
            "azurerm_lb.internal"
          ]
        }
      ]
    },
    {
      "module": "module.vnet",
      "mode": "managed",
      "type": "azurerm_lb_backend_address_pool",
      "name": "master_public_lb_pool",
      "provider": "provider.azurerm",
      "instances": [
        {
          "schema_version": 0,
          "attributes": {
            "backend_address": [],
            "backend_ip_configurations": [],
            "id": "/subscriptions/4834425c-3ea3-4c98-8736-36cc889377b4/resourceGroups/openshift-lnkh2-rg/providers/Microsoft.Network/loadBalancers/openshift-lnkh2-public-lb/backendAddressPools/openshift-lnkh2-public-lb-control-plane",
            "load_balancing_rules": [],
            "loadbalancer_id": "/subscriptions/4834425c-3ea3-4c98-8736-36cc889377b4/resourceGroups/openshift-lnkh2-rg/providers/Microsoft.Network/loadBalancers/openshift-lnkh2-public-lb",
            "name": "openshift-lnkh2-public-lb-control-plane",
            "outbound_rules": [],
            "resource_group_name": "openshift-lnkh2-rg",
            "timeouts": null
          },
          "private": "eyJlMmJmYjczMC1lY2FhLTExZTYtOGY4OC0zNDM2M2JjN2M0YzAiOnsiY3JlYXRlIjoxODAwMDAwMDAwMDAwLCJkZWxldGUiOjE4MDAwMDAwMDAwMDAsInJlYWQiOjMwMDAwMDAwMDAwMCwidXBkYXRlIjoxODAwMDAwMDAwMDAwfX0=",
          "depends_on": [
            "azurerm_lb.public"
          ]
        }
      ]
    },
    {
      "module": "module.vnet",
      "mode": "managed",
      "type": "azurerm_lb_backend_address_pool",
      "name": "worker_public_lb_pool",
      "provider": "provider.azurerm",
      "instances": [
        {
          "schema_version": 0,
          "attributes": {
            "backend_address": [],
            "backend_ip_configurations": [],
            "id": "/subscriptions/4834425c-3ea3-4c98-8736-36cc889377b4/resourceGroups/openshift-lnkh2-rg/providers/Microsoft.Network/loadBalancers/openshift-lnkh2-public-lb/backendAddressPools/openshift-lnkh2-public-lb-routers",
            "load_balancing_rules": [],
            "loadbalancer_id": "/subscriptions/4834425c-3ea3-4c98-8736-36cc889377b4/resourceGroups/openshift-lnkh2-rg/providers/Microsoft.Network/loadBalancers/openshift-lnkh2-public-lb",
            "name": "openshift-lnkh2-public-lb-routers",
            "outbound_rules": [],
            "resource_group_name": "openshift-lnkh2-rg",
            "timeouts": null
          },
          "private": "eyJlMmJmYjczMC1lY2FhLTExZTYtOGY4OC0zNDM2M2JjN2M0YzAiOnsiY3JlYXRlIjoxODAwMDAwMDAwMDAwLCJkZWxldGUiOjE4MDAwMDAwMDAwMDAsInJlYWQiOjMwMDAwMDAwMDAwMCwidXBkYXRlIjoxODAwMDAwMDAwMDAwfX0=",
          "depends_on": [
            "azurerm_lb.public"
          ]
        }
      ]
    },
    {
      "module": "module.vnet",
      "mode": "managed",
      "type": "azurerm_lb_probe",
      "name": "internal_lb_probe_api_internal",
      "provider": "provider.azurerm",
      "instances": [
        {
          "schema_version": 0,
          "attributes": {
            "id": "/subscriptions/4834425c-3ea3-4c98-8736-36cc889377b4/resourceGroups/openshift-lnkh2-rg/providers/Microsoft.Network/loadBalancers/openshift-lnkh2-internal-lb/probes/api-internal-probe",
            "interval_in_seconds": 10,
            "load_balancer_rules": [],
            "loadbalancer_id": "/subscriptions/4834425c-3ea3-4c98-8736-36cc889377b4/resourceGroups/openshift-lnkh2-rg/providers/Microsoft.Network/loadBalancers/openshift-lnkh2-internal-lb",
            "name": "api-internal-probe",
            "number_of_probes": 3,
            "port": 6443,
            "protocol": "Https",
            "request_path": "/readyz",
            "resource_group_name": "openshift-lnkh2-rg",
            "timeouts": null
          },
          "private": "eyJlMmJmYjczMC1lY2FhLTExZTYtOGY4OC0zNDM2M2JjN2M0YzAiOnsiY3JlYXRlIjoxODAwMDAwMDAwMDAwLCJkZWxldGUiOjE4MDAwMDAwMDAwMDAsInJlYWQiOjMwMDAwMDAwMDAwMCwidXBkYXRlIjoxODAwMDAwMDAwMDAwfX0=",
          "depends_on": [
            "azurerm_lb.internal"
          ]
        }
      ]
    },
    {
      "module": "module.vnet",
      "mode": "managed",
      "type": "azurerm_lb_probe",
      "name": "internal_lb_probe_sint",
      "provider": "provider.azurerm",
      "instances": [
        {
          "schema_version": 0,
          "attributes": {
            "id": "/subscriptions/4834425c-3ea3-4c98-8736-36cc889377b4/resourceGroups/openshift-lnkh2-rg/providers/Microsoft.Network/loadBalancers/openshift-lnkh2-internal-lb/probes/sint-probe",
            "interval_in_seconds": 10,
            "load_balancer_rules": [],
            "loadbalancer_id": "/subscriptions/4834425c-3ea3-4c98-8736-36cc889377b4/resourceGroups/openshift-lnkh2-rg/providers/Microsoft.Network/loadBalancers/openshift-lnkh2-internal-lb",
            "name": "sint-probe",
            "number_of_probes": 3,
            "port": 22623,
            "protocol": "Https",
            "request_path": "/healthz",
            "resource_group_name": "openshift-lnkh2-rg",
            "timeouts": null
          },
          "private": "eyJlMmJmYjczMC1lY2FhLTExZTYtOGY4OC0zNDM2M2JjN2M0YzAiOnsiY3JlYXRlIjoxODAwMDAwMDAwMDAwLCJkZWxldGUiOjE4MDAwMDAwMDAwMDAsInJlYWQiOjMwMDAwMDAwMDAwMCwidXBkYXRlIjoxODAwMDAwMDAwMDAwfX0=",
          "depends_on": [
            "azurerm_lb.internal"
          ]
        }
      ]
    },
    {
      "module": "module.vnet",
      "mode": "managed",
      "type": "azurerm_lb_probe",
      "name": "public_lb_http",
      "provider": "provider.azurerm",
      "instances": [
        {
          "schema_version": 0,
          "attributes": {
            "id": "/subscriptions/4834425c-3ea3-4c98-8736-36cc889377b4/resourceGroups/openshift-lnkh2-rg/providers/Microsoft.Network/loadBalancers/openshift-lnkh2-public-lb/probes/probe-http",
            "interval_in_seconds": 10,
            "load_balancer_rules": [],
            "loadbalancer_id": "/subscriptions/4834425c-3ea3-4c98-8736-36cc889377b4/resourceGroups/openshift-lnkh2-rg/providers/Microsoft.Network/loadBalancers/openshift-lnkh2-public-lb",
            "name": "probe-http",
            "number_of_probes": 3,
            "port": 80,
            "protocol": "Tcp",
            "request_path": "",
            "resource_group_name": "openshift-lnkh2-rg",
            "timeouts": null
          },
          "private": "eyJlMmJmYjczMC1lY2FhLTExZTYtOGY4OC0zNDM2M2JjN2M0YzAiOnsiY3JlYXRlIjoxODAwMDAwMDAwMDAwLCJkZWxldGUiOjE4MDAwMDAwMDAwMDAsInJlYWQiOjMwMDAwMDAwMDAwMCwidXBkYXRlIjoxODAwMDAwMDAwMDAwfX0=",
          "depends_on": [
            "azurerm_lb.public"
          ]
        }
      ]
    },
    {
      "module": "module.vnet",
      "mode": "managed",
      "type": "azurerm_lb_probe",
      "name": "public_lb_probe_api_internal",
      "provider": "provider.azurerm",
      "instances": [
        {
          "schema_version": 0,
          "attributes": {
            "id": "/subscriptions/4834425c-3ea3-4c98-8736-36cc889377b4/resourceGroups/openshift-lnkh2-rg/providers/Microsoft.Network/loadBalancers/openshift-lnkh2-public-lb/probes/api-internal-probe",
            "interval_in_seconds": 10,
            "load_balancer_rules": [],
            "loadbalancer_id": "/subscriptions/4834425c-3ea3-4c98-8736-36cc889377b4/resourceGroups/openshift-lnkh2-rg/providers/Microsoft.Network/loadBalancers/openshift-lnkh2-public-lb",
            "name": "api-internal-probe",
            "number_of_probes": 3,
            "port": 6443,
            "protocol": "Tcp",
            "request_path": "",
            "resource_group_name": "openshift-lnkh2-rg",
            "timeouts": null
          },
          "private": "eyJlMmJmYjczMC1lY2FhLTExZTYtOGY4OC0zNDM2M2JjN2M0YzAiOnsiY3JlYXRlIjoxODAwMDAwMDAwMDAwLCJkZWxldGUiOjE4MDAwMDAwMDAwMDAsInJlYWQiOjMwMDAwMDAwMDAwMCwidXBkYXRlIjoxODAwMDAwMDAwMDAwfX0=",
          "depends_on": [
            "azurerm_lb.public"
          ]
        }
      ]
    },
    {
      "module": "module.vnet",
      "mode": "managed",
      "type": "azurerm_lb_probe",
      "name": "public_lb_sint",
      "provider": "provider.azurerm",
      "instances": [
        {
          "schema_version": 0,
          "attributes": {
            "id": "/subscriptions/4834425c-3ea3-4c98-8736-36cc889377b4/resourceGroups/openshift-lnkh2-rg/providers/Microsoft.Network/loadBalancers/openshift-lnkh2-public-lb/probes/sint-probe",
            "interval_in_seconds": 10,
            "load_balancer_rules": [],
            "loadbalancer_id": "/subscriptions/4834425c-3ea3-4c98-8736-36cc889377b4/resourceGroups/openshift-lnkh2-rg/providers/Microsoft.Network/loadBalancers/openshift-lnkh2-public-lb",
            "name": "sint-probe",
            "number_of_probes": 3,
            "port": 22623,
            "protocol": "Tcp",
            "request_path": "",
            "resource_group_name": "openshift-lnkh2-rg",
            "timeouts": null
          },
          "private": "eyJlMmJmYjczMC1lY2FhLTExZTYtOGY4OC0zNDM2M2JjN2M0YzAiOnsiY3JlYXRlIjoxODAwMDAwMDAwMDAwLCJkZWxldGUiOjE4MDAwMDAwMDAwMDAsInJlYWQiOjMwMDAwMDAwMDAwMCwidXBkYXRlIjoxODAwMDAwMDAwMDAwfX0=",
          "depends_on": [
            "azurerm_lb.public"
          ]
        }
      ]
    },
    {
      "module": "module.vnet",
      "mode": "managed",
      "type": "azurerm_lb_rule",
      "name": "internal_lb_rule_api_internal",
      "provider": "provider.azurerm",
      "instances": [
        {
          "schema_version": 0,
          "attributes": {
            "backend_address_pool_id": "/subscriptions/4834425c-3ea3-4c98-8736-36cc889377b4/resourceGroups/openshift-lnkh2-rg/providers/Microsoft.Network/loadBalancers/openshift-lnkh2-internal-lb/backendAddressPools/openshift-lnkh2-internal-controlplane",
            "backend_port": 6443,
            "disable_outbound_snat": false,
            "enable_floating_ip": false,
            "enable_tcp_reset": false,
            "frontend_ip_configuration_id": "/subscriptions/4834425c-3ea3-4c98-8736-36cc889377b4/resourceGroups/openshift-lnkh2-rg/providers/Microsoft.Network/loadBalancers/openshift-lnkh2-internal-lb/frontendIPConfigurations/internal-lb-ip",
            "frontend_ip_configuration_name": "internal-lb-ip",
            "frontend_port": 6443,
            "id": "/subscriptions/4834425c-3ea3-4c98-8736-36cc889377b4/resourceGroups/openshift-lnkh2-rg/providers/Microsoft.Network/loadBalancers/openshift-lnkh2-internal-lb/loadBalancingRules/api-internal",
            "idle_timeout_in_minutes": 30,
            "load_distribution": "Default",
            "loadbalancer_id": "/subscriptions/4834425c-3ea3-4c98-8736-36cc889377b4/resourceGroups/openshift-lnkh2-rg/providers/Microsoft.Network/loadBalancers/openshift-lnkh2-internal-lb",
            "name": "api-internal",
            "probe_id": "/subscriptions/4834425c-3ea3-4c98-8736-36cc889377b4/resourceGroups/openshift-lnkh2-rg/providers/Microsoft.Network/loadBalancers/openshift-lnkh2-internal-lb/probes/api-internal-probe",
            "protocol": "Tcp",
            "resource_group_name": "openshift-lnkh2-rg",
            "timeouts": null
          },
          "private": "eyJlMmJmYjczMC1lY2FhLTExZTYtOGY4OC0zNDM2M2JjN2M0YzAiOnsiY3JlYXRlIjoxODAwMDAwMDAwMDAwLCJkZWxldGUiOjE4MDAwMDAwMDAwMDAsInJlYWQiOjMwMDAwMDAwMDAwMCwidXBkYXRlIjoxODAwMDAwMDAwMDAwfX0=",
          "depends_on": [
            "azurerm_lb.internal",
            "azurerm_lb_backend_address_pool.internal_lb_controlplane_pool",
            "azurerm_lb_probe.internal_lb_probe_api_internal"
          ]
        }
      ]
    },
    {
      "module": "module.vnet",
      "mode": "managed",
      "type": "azurerm_lb_rule",
      "name": "internal_lb_rule_sint",
      "provider": "provider.azurerm",
      "instances": [
        {
          "schema_version": 0,
          "attributes": {
            "backend_address_pool_id": "/subscriptions/4834425c-3ea3-4c98-8736-36cc889377b4/resourceGroups/openshift-lnkh2-rg/providers/Microsoft.Network/loadBalancers/openshift-lnkh2-internal-lb/backendAddressPools/openshift-lnkh2-internal-controlplane",
            "backend_port": 22623,
            "disable_outbound_snat": false,
            "enable_floating_ip": false,
            "enable_tcp_reset": false,
            "frontend_ip_configuration_id": "/subscriptions/4834425c-3ea3-4c98-8736-36cc889377b4/resourceGroups/openshift-lnkh2-rg/providers/Microsoft.Network/loadBalancers/openshift-lnkh2-internal-lb/frontendIPConfigurations/internal-lb-ip",
            "frontend_ip_configuration_name": "internal-lb-ip",
            "frontend_port": 22623,
            "id": "/subscriptions/4834425c-3ea3-4c98-8736-36cc889377b4/resourceGroups/openshift-lnkh2-rg/providers/Microsoft.Network/loadBalancers/openshift-lnkh2-internal-lb/loadBalancingRules/sint",
            "idle_timeout_in_minutes": 30,
            "load_distribution": "Default",
            "loadbalancer_id": "/subscriptions/4834425c-3ea3-4c98-8736-36cc889377b4/resourceGroups/openshift-lnkh2-rg/providers/Microsoft.Network/loadBalancers/openshift-lnkh2-internal-lb",
            "name": "sint",
            "probe_id": "/subscriptions/4834425c-3ea3-4c98-8736-36cc889377b4/resourceGroups/openshift-lnkh2-rg/providers/Microsoft.Network/loadBalancers/openshift-lnkh2-internal-lb/probes/sint-probe",
            "protocol": "Tcp",
            "resource_group_name": "openshift-lnkh2-rg",
            "timeouts": null
          },
          "private": "eyJlMmJmYjczMC1lY2FhLTExZTYtOGY4OC0zNDM2M2JjN2M0YzAiOnsiY3JlYXRlIjoxODAwMDAwMDAwMDAwLCJkZWxldGUiOjE4MDAwMDAwMDAwMDAsInJlYWQiOjMwMDAwMDAwMDAwMCwidXBkYXRlIjoxODAwMDAwMDAwMDAwfX0=",
          "depends_on": [
            "azurerm_lb.internal",
            "azurerm_lb_backend_address_pool.internal_lb_controlplane_pool",
            "azurerm_lb_probe.internal_lb_probe_sint"
          ]
        }
      ]
    },
    {
      "module": "module.vnet",
      "mode": "managed",
      "type": "azurerm_lb_rule",
      "name": "public_lb_rule_api_internal",
      "provider": "provider.azurerm",
      "instances": [
        {
          "schema_version": 0,
          "attributes": {
            "backend_address_pool_id": "/subscriptions/4834425c-3ea3-4c98-8736-36cc889377b4/resourceGroups/openshift-lnkh2-rg/providers/Microsoft.Network/loadBalancers/openshift-lnkh2-public-lb/backendAddressPools/openshift-lnkh2-public-lb-control-plane",
            "backend_port": 6443,
            "disable_outbound_snat": false,
            "enable_floating_ip": false,
            "enable_tcp_reset": false,
            "frontend_ip_configuration_id": "/subscriptions/4834425c-3ea3-4c98-8736-36cc889377b4/resourceGroups/openshift-lnkh2-rg/providers/Microsoft.Network/loadBalancers/openshift-lnkh2-public-lb/frontendIPConfigurations/public-lb-ip",
            "frontend_ip_configuration_name": "public-lb-ip",
            "frontend_port": 6443,
            "id": "/subscriptions/4834425c-3ea3-4c98-8736-36cc889377b4/resourceGroups/openshift-lnkh2-rg/providers/Microsoft.Network/loadBalancers/openshift-lnkh2-public-lb/loadBalancingRules/api-internal",
            "idle_timeout_in_minutes": 30,
            "load_distribution": "Default",
            "loadbalancer_id": "/subscriptions/4834425c-3ea3-4c98-8736-36cc889377b4/resourceGroups/openshift-lnkh2-rg/providers/Microsoft.Network/loadBalancers/openshift-lnkh2-public-lb",
            "name": "api-internal",
            "probe_id": "/subscriptions/4834425c-3ea3-4c98-8736-36cc889377b4/resourceGroups/openshift-lnkh2-rg/providers/Microsoft.Network/loadBalancers/openshift-lnkh2-public-lb/probes/api-internal-probe",
            "protocol": "Tcp",
            "resource_group_name": "openshift-lnkh2-rg",
            "timeouts": null
          },
          "private": "eyJlMmJmYjczMC1lY2FhLTExZTYtOGY4OC0zNDM2M2JjN2M0YzAiOnsiY3JlYXRlIjoxODAwMDAwMDAwMDAwLCJkZWxldGUiOjE4MDAwMDAwMDAwMDAsInJlYWQiOjMwMDAwMDAwMDAwMCwidXBkYXRlIjoxODAwMDAwMDAwMDAwfX0=",
          "depends_on": [
            "azurerm_lb.public",
            "azurerm_lb_backend_address_pool.master_public_lb_pool",
            "azurerm_lb_probe.public_lb_probe_api_internal"
          ]
        }
      ]
    },
    {
      "module": "module.vnet",
      "mode": "managed",
      "type": "azurerm_lb_rule",
      "name": "public_lb_rule_http",
      "provider": "provider.azurerm",
      "instances": [
        {
          "schema_version": 0,
          "attributes": {
            "backend_address_pool_id": "/subscriptions/4834425c-3ea3-4c98-8736-36cc889377b4/resourceGroups/openshift-lnkh2-rg/providers/Microsoft.Network/loadBalancers/openshift-lnkh2-public-lb/backendAddressPools/openshift-lnkh2-public-lb-routers",
            "backend_port": 80,
            "disable_outbound_snat": false,
            "enable_floating_ip": false,
            "enable_tcp_reset": false,
            "frontend_ip_configuration_id": "/subscriptions/4834425c-3ea3-4c98-8736-36cc889377b4/resourceGroups/openshift-lnkh2-rg/providers/Microsoft.Network/loadBalancers/openshift-lnkh2-public-lb/frontendIPConfigurations/public-lb-ip",
            "frontend_ip_configuration_name": "public-lb-ip",
            "frontend_port": 80,
            "id": "/subscriptions/4834425c-3ea3-4c98-8736-36cc889377b4/resourceGroups/openshift-lnkh2-rg/providers/Microsoft.Network/loadBalancers/openshift-lnkh2-public-lb/loadBalancingRules/tcp-80",
            "idle_timeout_in_minutes": 30,
            "load_distribution": "Default",
            "loadbalancer_id": "/subscriptions/4834425c-3ea3-4c98-8736-36cc889377b4/resourceGroups/openshift-lnkh2-rg/providers/Microsoft.Network/loadBalancers/openshift-lnkh2-public-lb",
            "name": "tcp-80",
            "probe_id": "/subscriptions/4834425c-3ea3-4c98-8736-36cc889377b4/resourceGroups/openshift-lnkh2-rg/providers/Microsoft.Network/loadBalancers/openshift-lnkh2-public-lb/probes/probe-http",
            "protocol": "Tcp",
            "resource_group_name": "openshift-lnkh2-rg",
            "timeouts": null
          },
          "private": "eyJlMmJmYjczMC1lY2FhLTExZTYtOGY4OC0zNDM2M2JjN2M0YzAiOnsiY3JlYXRlIjoxODAwMDAwMDAwMDAwLCJkZWxldGUiOjE4MDAwMDAwMDAwMDAsInJlYWQiOjMwMDAwMDAwMDAwMCwidXBkYXRlIjoxODAwMDAwMDAwMDAwfX0=",
          "depends_on": [
            "azurerm_lb.public",
            "azurerm_lb_backend_address_pool.worker_public_lb_pool",
            "azurerm_lb_probe.public_lb_http"
          ]
        }
      ]
    },
    {
      "module": "module.vnet",
      "mode": "managed",
      "type": "azurerm_lb_rule",
      "name": "public_lb_rule_https",
      "provider": "provider.azurerm",
      "instances": [
        {
          "schema_version": 0,
          "attributes": {
            "backend_address_pool_id": "/subscriptions/4834425c-3ea3-4c98-8736-36cc889377b4/resourceGroups/openshift-lnkh2-rg/providers/Microsoft.Network/loadBalancers/openshift-lnkh2-public-lb/backendAddressPools/openshift-lnkh2-public-lb-routers",
            "backend_port": 443,
            "disable_outbound_snat": false,
            "enable_floating_ip": false,
            "enable_tcp_reset": false,
            "frontend_ip_configuration_id": "/subscriptions/4834425c-3ea3-4c98-8736-36cc889377b4/resourceGroups/openshift-lnkh2-rg/providers/Microsoft.Network/loadBalancers/openshift-lnkh2-public-lb/frontendIPConfigurations/public-lb-ip",
            "frontend_ip_configuration_name": "public-lb-ip",
            "frontend_port": 443,
            "id": "/subscriptions/4834425c-3ea3-4c98-8736-36cc889377b4/resourceGroups/openshift-lnkh2-rg/providers/Microsoft.Network/loadBalancers/openshift-lnkh2-public-lb/loadBalancingRules/tcp-443",
            "idle_timeout_in_minutes": 30,
            "load_distribution": "Default",
            "loadbalancer_id": "/subscriptions/4834425c-3ea3-4c98-8736-36cc889377b4/resourceGroups/openshift-lnkh2-rg/providers/Microsoft.Network/loadBalancers/openshift-lnkh2-public-lb",
            "name": "tcp-443",
            "probe_id": "/subscriptions/4834425c-3ea3-4c98-8736-36cc889377b4/resourceGroups/openshift-lnkh2-rg/providers/Microsoft.Network/loadBalancers/openshift-lnkh2-public-lb/probes/probe-http",
            "protocol": "Tcp",
            "resource_group_name": "openshift-lnkh2-rg",
            "timeouts": null
          },
          "private": "eyJlMmJmYjczMC1lY2FhLTExZTYtOGY4OC0zNDM2M2JjN2M0YzAiOnsiY3JlYXRlIjoxODAwMDAwMDAwMDAwLCJkZWxldGUiOjE4MDAwMDAwMDAwMDAsInJlYWQiOjMwMDAwMDAwMDAwMCwidXBkYXRlIjoxODAwMDAwMDAwMDAwfX0=",
          "depends_on": [
            "azurerm_lb.public",
            "azurerm_lb_backend_address_pool.worker_public_lb_pool",
            "azurerm_lb_probe.public_lb_http"
          ]
        }
      ]
    },
    {
      "module": "module.vnet",
      "mode": "managed",
      "type": "azurerm_lb_rule",
      "name": "public_lb_rule_sint_internal",
      "provider": "provider.azurerm",
      "instances": [
        {
          "schema_version": 0,
          "attributes": {
            "backend_address_pool_id": "/subscriptions/4834425c-3ea3-4c98-8736-36cc889377b4/resourceGroups/openshift-lnkh2-rg/providers/Microsoft.Network/loadBalancers/openshift-lnkh2-public-lb/backendAddressPools/openshift-lnkh2-public-lb-control-plane",
            "backend_port": 22623,
            "disable_outbound_snat": false,
            "enable_floating_ip": false,
            "enable_tcp_reset": false,
            "frontend_ip_configuration_id": "/subscriptions/4834425c-3ea3-4c98-8736-36cc889377b4/resourceGroups/openshift-lnkh2-rg/providers/Microsoft.Network/loadBalancers/openshift-lnkh2-public-lb/frontendIPConfigurations/public-lb-ip",
            "frontend_ip_configuration_name": "public-lb-ip",
            "frontend_port": 22623,
            "id": "/subscriptions/4834425c-3ea3-4c98-8736-36cc889377b4/resourceGroups/openshift-lnkh2-rg/providers/Microsoft.Network/loadBalancers/openshift-lnkh2-public-lb/loadBalancingRules/sint-internal",
            "idle_timeout_in_minutes": 30,
            "load_distribution": "Default",
            "loadbalancer_id": "/subscriptions/4834425c-3ea3-4c98-8736-36cc889377b4/resourceGroups/openshift-lnkh2-rg/providers/Microsoft.Network/loadBalancers/openshift-lnkh2-public-lb",
            "name": "sint-internal",
            "probe_id": "/subscriptions/4834425c-3ea3-4c98-8736-36cc889377b4/resourceGroups/openshift-lnkh2-rg/providers/Microsoft.Network/loadBalancers/openshift-lnkh2-public-lb/probes/sint-probe",
            "protocol": "Tcp",
            "resource_group_name": "openshift-lnkh2-rg",
            "timeouts": null
          },
          "private": "eyJlMmJmYjczMC1lY2FhLTExZTYtOGY4OC0zNDM2M2JjN2M0YzAiOnsiY3JlYXRlIjoxODAwMDAwMDAwMDAwLCJkZWxldGUiOjE4MDAwMDAwMDAwMDAsInJlYWQiOjMwMDAwMDAwMDAwMCwidXBkYXRlIjoxODAwMDAwMDAwMDAwfX0=",
          "depends_on": [
            "azurerm_lb.public",
            "azurerm_lb_backend_address_pool.master_public_lb_pool",
            "azurerm_lb_probe.public_lb_sint"
          ]
        }
      ]
    },
    {
      "module": "module.bootstrap",
      "mode": "managed",
      "type": "azurerm_network_interface",
      "name": "bootstrap",
      "provider": "provider.azurerm",
      "instances": [
        {
          "schema_version": 0,
          "attributes": {
            "applied_dns_servers": [],
            "dns_servers": [],
            "enable_accelerated_networking": false,
            "enable_ip_forwarding": false,
            "id": "/subscriptions/4834425c-3ea3-4c98-8736-36cc889377b4/resourceGroups/openshift-lnkh2-rg/providers/Microsoft.Network/networkInterfaces/openshift-lnkh2-bootstrap-nic",
            "internal_dns_name_label": "",
            "internal_domain_name_suffix": "c5ryxdc2ubsudey2kix2urnx5d.zx.internal.cloudapp.net",
            "ip_configuration": [
              {
                "name": "bootstrap-nic-ip",
                "primary": true,
                "private_ip_address": "10.0.0.4",
                "private_ip_address_allocation": "Dynamic",
                "private_ip_address_version": "IPv4",
                "public_ip_address_id": "/subscriptions/4834425c-3ea3-4c98-8736-36cc889377b4/resourceGroups/openshift-lnkh2-rg/providers/Microsoft.Network/publicIPAddresses/openshift-lnkh2-bootstrap-pip",
                "subnet_id": "/subscriptions/4834425c-3ea3-4c98-8736-36cc889377b4/resourceGroups/openshift-lnkh2-rg/providers/Microsoft.Network/virtualNetworks/openshift-lnkh2-vnet/subnets/openshift-lnkh2-master-subnet"
              }
            ],
            "location": "uksouth",
            "mac_address": "",
            "name": "openshift-lnkh2-bootstrap-nic",
            "private_ip_address": "10.0.0.4",
            "private_ip_addresses": [
              "10.0.0.4"
            ],
            "resource_group_name": "openshift-lnkh2-rg",
            "tags": null,
            "timeouts": null,
            "virtual_machine_id": ""
          },
          "private": "eyJlMmJmYjczMC1lY2FhLTExZTYtOGY4OC0zNDM2M2JjN2M0YzAiOnsiY3JlYXRlIjoxODAwMDAwMDAwMDAwLCJkZWxldGUiOjE4MDAwMDAwMDAwMDAsInJlYWQiOjMwMDAwMDAwMDAwMCwidXBkYXRlIjoxODAwMDAwMDAwMDAwfX0=",
          "depends_on": [
            "azurerm_public_ip.bootstrap_public_ip"
          ]
        }
      ]
    },
    {
      "module": "module.master",
      "mode": "managed",
      "type": "azurerm_network_interface",
      "name": "master",
      "each": "list",
      "provider": "provider.azurerm",
      "instances": [
        {
          "index_key": 0,
          "schema_version": 0,
          "attributes": {
            "applied_dns_servers": [],
            "dns_servers": [],
            "enable_accelerated_networking": false,
            "enable_ip_forwarding": false,
            "id": "/subscriptions/4834425c-3ea3-4c98-8736-36cc889377b4/resourceGroups/openshift-lnkh2-rg/providers/Microsoft.Network/networkInterfaces/openshift-lnkh2-master0-nic",
            "internal_dns_name_label": "",
            "internal_domain_name_suffix": "c5ryxdc2ubsudey2kix2urnx5d.zx.internal.cloudapp.net",
            "ip_configuration": [
              {
                "name": "pipConfig",
                "primary": true,
                "private_ip_address": "10.0.0.5",
                "private_ip_address_allocation": "Dynamic",
                "private_ip_address_version": "IPv4",
                "public_ip_address_id": "",
                "subnet_id": "/subscriptions/4834425c-3ea3-4c98-8736-36cc889377b4/resourceGroups/openshift-lnkh2-rg/providers/Microsoft.Network/virtualNetworks/openshift-lnkh2-vnet/subnets/openshift-lnkh2-master-subnet"
              }
            ],
            "location": "uksouth",
            "mac_address": "",
            "name": "openshift-lnkh2-master0-nic",
            "private_ip_address": "10.0.0.5",
            "private_ip_addresses": [
              "10.0.0.5"
            ],
            "resource_group_name": "openshift-lnkh2-rg",
            "tags": null,
            "timeouts": null,
            "virtual_machine_id": ""
          },
          "private": "eyJlMmJmYjczMC1lY2FhLTExZTYtOGY4OC0zNDM2M2JjN2M0YzAiOnsiY3JlYXRlIjoxODAwMDAwMDAwMDAwLCJkZWxldGUiOjE4MDAwMDAwMDAwMDAsInJlYWQiOjMwMDAwMDAwMDAwMCwidXBkYXRlIjoxODAwMDAwMDAwMDAwfX0="
        },
        {
          "index_key": 1,
          "schema_version": 0,
          "attributes": {
            "applied_dns_servers": [],
            "dns_servers": [],
            "enable_accelerated_networking": false,
            "enable_ip_forwarding": false,
            "id": "/subscriptions/4834425c-3ea3-4c98-8736-36cc889377b4/resourceGroups/openshift-lnkh2-rg/providers/Microsoft.Network/networkInterfaces/openshift-lnkh2-master1-nic",
            "internal_dns_name_label": "",
            "internal_domain_name_suffix": "c5ryxdc2ubsudey2kix2urnx5d.zx.internal.cloudapp.net",
            "ip_configuration": [
              {
                "name": "pipConfig",
                "primary": true,
                "private_ip_address": "10.0.0.6",
                "private_ip_address_allocation": "Dynamic",
                "private_ip_address_version": "IPv4",
                "public_ip_address_id": "",
                "subnet_id": "/subscriptions/4834425c-3ea3-4c98-8736-36cc889377b4/resourceGroups/openshift-lnkh2-rg/providers/Microsoft.Network/virtualNetworks/openshift-lnkh2-vnet/subnets/openshift-lnkh2-master-subnet"
              }
            ],
            "location": "uksouth",
            "mac_address": "",
            "name": "openshift-lnkh2-master1-nic",
            "private_ip_address": "10.0.0.6",
            "private_ip_addresses": [
              "10.0.0.6"
            ],
            "resource_group_name": "openshift-lnkh2-rg",
            "tags": null,
            "timeouts": null,
            "virtual_machine_id": ""
          },
          "private": "eyJlMmJmYjczMC1lY2FhLTExZTYtOGY4OC0zNDM2M2JjN2M0YzAiOnsiY3JlYXRlIjoxODAwMDAwMDAwMDAwLCJkZWxldGUiOjE4MDAwMDAwMDAwMDAsInJlYWQiOjMwMDAwMDAwMDAwMCwidXBkYXRlIjoxODAwMDAwMDAwMDAwfX0="
        },
        {
          "index_key": 2,
          "schema_version": 0,
          "attributes": {
            "applied_dns_servers": [],
            "dns_servers": [],
            "enable_accelerated_networking": false,
            "enable_ip_forwarding": false,
            "id": "/subscriptions/4834425c-3ea3-4c98-8736-36cc889377b4/resourceGroups/openshift-lnkh2-rg/providers/Microsoft.Network/networkInterfaces/openshift-lnkh2-master2-nic",
            "internal_dns_name_label": "",
            "internal_domain_name_suffix": "c5ryxdc2ubsudey2kix2urnx5d.zx.internal.cloudapp.net",
            "ip_configuration": [
              {
                "name": "pipConfig",
                "primary": true,
                "private_ip_address": "10.0.0.7",
                "private_ip_address_allocation": "Dynamic",
                "private_ip_address_version": "IPv4",
                "public_ip_address_id": "",
                "subnet_id": "/subscriptions/4834425c-3ea3-4c98-8736-36cc889377b4/resourceGroups/openshift-lnkh2-rg/providers/Microsoft.Network/virtualNetworks/openshift-lnkh2-vnet/subnets/openshift-lnkh2-master-subnet"
              }
            ],
            "location": "uksouth",
            "mac_address": "",
            "name": "openshift-lnkh2-master2-nic",
            "private_ip_address": "10.0.0.7",
            "private_ip_addresses": [
              "10.0.0.7"
            ],
            "resource_group_name": "openshift-lnkh2-rg",
            "tags": null,
            "timeouts": null,
            "virtual_machine_id": ""
          },
          "private": "eyJlMmJmYjczMC1lY2FhLTExZTYtOGY4OC0zNDM2M2JjN2M0YzAiOnsiY3JlYXRlIjoxODAwMDAwMDAwMDAwLCJkZWxldGUiOjE4MDAwMDAwMDAwMDAsInJlYWQiOjMwMDAwMDAwMDAwMCwidXBkYXRlIjoxODAwMDAwMDAwMDAwfX0="
        }
      ]
    },
    {
      "module": "module.bootstrap",
      "mode": "managed",
      "type": "azurerm_network_interface_backend_address_pool_association",
      "name": "internal_lb_bootstrap",
      "provider": "provider.azurerm",
      "instances": [
        {
          "schema_version": 0,
          "attributes": {
            "backend_address_pool_id": "/subscriptions/4834425c-3ea3-4c98-8736-36cc889377b4/resourceGroups/openshift-lnkh2-rg/providers/Microsoft.Network/loadBalancers/openshift-lnkh2-internal-lb/backendAddressPools/openshift-lnkh2-internal-controlplane",
            "id": "/subscriptions/4834425c-3ea3-4c98-8736-36cc889377b4/resourceGroups/openshift-lnkh2-rg/providers/Microsoft.Network/networkInterfaces/openshift-lnkh2-bootstrap-nic/ipConfigurations/bootstrap-nic-ip|/subscriptions/4834425c-3ea3-4c98-8736-36cc889377b4/resourceGroups/openshift-lnkh2-rg/providers/Microsoft.Network/loadBalancers/openshift-lnkh2-internal-lb/backendAddressPools/openshift-lnkh2-internal-controlplane",
            "ip_configuration_name": "bootstrap-nic-ip",
            "network_interface_id": "/subscriptions/4834425c-3ea3-4c98-8736-36cc889377b4/resourceGroups/openshift-lnkh2-rg/providers/Microsoft.Network/networkInterfaces/openshift-lnkh2-bootstrap-nic",
            "timeouts": null
          },
          "private": "eyJlMmJmYjczMC1lY2FhLTExZTYtOGY4OC0zNDM2M2JjN2M0YzAiOnsiY3JlYXRlIjoxODAwMDAwMDAwMDAwLCJkZWxldGUiOjE4MDAwMDAwMDAwMDAsInJlYWQiOjMwMDAwMDAwMDAwMCwidXBkYXRlIjoxODAwMDAwMDAwMDAwfX0=",
          "depends_on": [
            "azurerm_network_interface.bootstrap"
          ]
        }
      ]
    },
    {
      "module": "module.master",
      "mode": "managed",
      "type": "azurerm_network_interface_backend_address_pool_association",
      "name": "master",
      "each": "list",
      "provider": "provider.azurerm",
      "instances": [
        {
          "index_key": 0,
          "schema_version": 0,
          "attributes": {
            "backend_address_pool_id": "/subscriptions/4834425c-3ea3-4c98-8736-36cc889377b4/resourceGroups/openshift-lnkh2-rg/providers/Microsoft.Network/loadBalancers/openshift-lnkh2-public-lb/backendAddressPools/openshift-lnkh2-public-lb-control-plane",
            "id": "/subscriptions/4834425c-3ea3-4c98-8736-36cc889377b4/resourceGroups/openshift-lnkh2-rg/providers/Microsoft.Network/networkInterfaces/openshift-lnkh2-master0-nic/ipConfigurations/pipConfig|/subscriptions/4834425c-3ea3-4c98-8736-36cc889377b4/resourceGroups/openshift-lnkh2-rg/providers/Microsoft.Network/loadBalancers/openshift-lnkh2-public-lb/backendAddressPools/openshift-lnkh2-public-lb-control-plane",
            "ip_configuration_name": "pipConfig",
            "network_interface_id": "/subscriptions/4834425c-3ea3-4c98-8736-36cc889377b4/resourceGroups/openshift-lnkh2-rg/providers/Microsoft.Network/networkInterfaces/openshift-lnkh2-master0-nic",
            "timeouts": null
          },
          "private": "eyJlMmJmYjczMC1lY2FhLTExZTYtOGY4OC0zNDM2M2JjN2M0YzAiOnsiY3JlYXRlIjoxODAwMDAwMDAwMDAwLCJkZWxldGUiOjE4MDAwMDAwMDAwMDAsInJlYWQiOjMwMDAwMDAwMDAwMCwidXBkYXRlIjoxODAwMDAwMDAwMDAwfX0=",
          "depends_on": [
            "azurerm_network_interface.master"
          ]
        },
        {
          "index_key": 1,
          "schema_version": 0,
          "attributes": {
            "backend_address_pool_id": "/subscriptions/4834425c-3ea3-4c98-8736-36cc889377b4/resourceGroups/openshift-lnkh2-rg/providers/Microsoft.Network/loadBalancers/openshift-lnkh2-public-lb/backendAddressPools/openshift-lnkh2-public-lb-control-plane",
            "id": "/subscriptions/4834425c-3ea3-4c98-8736-36cc889377b4/resourceGroups/openshift-lnkh2-rg/providers/Microsoft.Network/networkInterfaces/openshift-lnkh2-master1-nic/ipConfigurations/pipConfig|/subscriptions/4834425c-3ea3-4c98-8736-36cc889377b4/resourceGroups/openshift-lnkh2-rg/providers/Microsoft.Network/loadBalancers/openshift-lnkh2-public-lb/backendAddressPools/openshift-lnkh2-public-lb-control-plane",
            "ip_configuration_name": "pipConfig",
            "network_interface_id": "/subscriptions/4834425c-3ea3-4c98-8736-36cc889377b4/resourceGroups/openshift-lnkh2-rg/providers/Microsoft.Network/networkInterfaces/openshift-lnkh2-master1-nic",
            "timeouts": null
          },
          "private": "eyJlMmJmYjczMC1lY2FhLTExZTYtOGY4OC0zNDM2M2JjN2M0YzAiOnsiY3JlYXRlIjoxODAwMDAwMDAwMDAwLCJkZWxldGUiOjE4MDAwMDAwMDAwMDAsInJlYWQiOjMwMDAwMDAwMDAwMCwidXBkYXRlIjoxODAwMDAwMDAwMDAwfX0=",
          "depends_on": [
            "azurerm_network_interface.master"
          ]
        },
        {
          "index_key": 2,
          "schema_version": 0,
          "attributes": {
            "backend_address_pool_id": "/subscriptions/4834425c-3ea3-4c98-8736-36cc889377b4/resourceGroups/openshift-lnkh2-rg/providers/Microsoft.Network/loadBalancers/openshift-lnkh2-public-lb/backendAddressPools/openshift-lnkh2-public-lb-control-plane",
            "id": "/subscriptions/4834425c-3ea3-4c98-8736-36cc889377b4/resourceGroups/openshift-lnkh2-rg/providers/Microsoft.Network/networkInterfaces/openshift-lnkh2-master2-nic/ipConfigurations/pipConfig|/subscriptions/4834425c-3ea3-4c98-8736-36cc889377b4/resourceGroups/openshift-lnkh2-rg/providers/Microsoft.Network/loadBalancers/openshift-lnkh2-public-lb/backendAddressPools/openshift-lnkh2-public-lb-control-plane",
            "ip_configuration_name": "pipConfig",
            "network_interface_id": "/subscriptions/4834425c-3ea3-4c98-8736-36cc889377b4/resourceGroups/openshift-lnkh2-rg/providers/Microsoft.Network/networkInterfaces/openshift-lnkh2-master2-nic",
            "timeouts": null
          },
          "private": "eyJlMmJmYjczMC1lY2FhLTExZTYtOGY4OC0zNDM2M2JjN2M0YzAiOnsiY3JlYXRlIjoxODAwMDAwMDAwMDAwLCJkZWxldGUiOjE4MDAwMDAwMDAwMDAsInJlYWQiOjMwMDAwMDAwMDAwMCwidXBkYXRlIjoxODAwMDAwMDAwMDAwfX0=",
          "depends_on": [
            "azurerm_network_interface.master"
          ]
        }
      ]
    },
    {
      "module": "module.master",
      "mode": "managed",
      "type": "azurerm_network_interface_backend_address_pool_association",
      "name": "master_internal",
      "each": "list",
      "provider": "provider.azurerm",
      "instances": [
        {
          "index_key": 0,
          "schema_version": 0,
          "attributes": {
            "backend_address_pool_id": "/subscriptions/4834425c-3ea3-4c98-8736-36cc889377b4/resourceGroups/openshift-lnkh2-rg/providers/Microsoft.Network/loadBalancers/openshift-lnkh2-internal-lb/backendAddressPools/openshift-lnkh2-internal-controlplane",
            "id": "/subscriptions/4834425c-3ea3-4c98-8736-36cc889377b4/resourceGroups/openshift-lnkh2-rg/providers/Microsoft.Network/networkInterfaces/openshift-lnkh2-master0-nic/ipConfigurations/pipConfig|/subscriptions/4834425c-3ea3-4c98-8736-36cc889377b4/resourceGroups/openshift-lnkh2-rg/providers/Microsoft.Network/loadBalancers/openshift-lnkh2-internal-lb/backendAddressPools/openshift-lnkh2-internal-controlplane",
            "ip_configuration_name": "pipConfig",
            "network_interface_id": "/subscriptions/4834425c-3ea3-4c98-8736-36cc889377b4/resourceGroups/openshift-lnkh2-rg/providers/Microsoft.Network/networkInterfaces/openshift-lnkh2-master0-nic",
            "timeouts": null
          },
          "private": "eyJlMmJmYjczMC1lY2FhLTExZTYtOGY4OC0zNDM2M2JjN2M0YzAiOnsiY3JlYXRlIjoxODAwMDAwMDAwMDAwLCJkZWxldGUiOjE4MDAwMDAwMDAwMDAsInJlYWQiOjMwMDAwMDAwMDAwMCwidXBkYXRlIjoxODAwMDAwMDAwMDAwfX0=",
          "depends_on": [
            "azurerm_network_interface.master"
          ]
        },
        {
          "index_key": 1,
          "schema_version": 0,
          "attributes": {
            "backend_address_pool_id": "/subscriptions/4834425c-3ea3-4c98-8736-36cc889377b4/resourceGroups/openshift-lnkh2-rg/providers/Microsoft.Network/loadBalancers/openshift-lnkh2-internal-lb/backendAddressPools/openshift-lnkh2-internal-controlplane",
            "id": "/subscriptions/4834425c-3ea3-4c98-8736-36cc889377b4/resourceGroups/openshift-lnkh2-rg/providers/Microsoft.Network/networkInterfaces/openshift-lnkh2-master1-nic/ipConfigurations/pipConfig|/subscriptions/4834425c-3ea3-4c98-8736-36cc889377b4/resourceGroups/openshift-lnkh2-rg/providers/Microsoft.Network/loadBalancers/openshift-lnkh2-internal-lb/backendAddressPools/openshift-lnkh2-internal-controlplane",
            "ip_configuration_name": "pipConfig",
            "network_interface_id": "/subscriptions/4834425c-3ea3-4c98-8736-36cc889377b4/resourceGroups/openshift-lnkh2-rg/providers/Microsoft.Network/networkInterfaces/openshift-lnkh2-master1-nic",
            "timeouts": null
          },
          "private": "eyJlMmJmYjczMC1lY2FhLTExZTYtOGY4OC0zNDM2M2JjN2M0YzAiOnsiY3JlYXRlIjoxODAwMDAwMDAwMDAwLCJkZWxldGUiOjE4MDAwMDAwMDAwMDAsInJlYWQiOjMwMDAwMDAwMDAwMCwidXBkYXRlIjoxODAwMDAwMDAwMDAwfX0=",
          "depends_on": [
            "azurerm_network_interface.master"
          ]
        },
        {
          "index_key": 2,
          "schema_version": 0,
          "attributes": {
            "backend_address_pool_id": "/subscriptions/4834425c-3ea3-4c98-8736-36cc889377b4/resourceGroups/openshift-lnkh2-rg/providers/Microsoft.Network/loadBalancers/openshift-lnkh2-internal-lb/backendAddressPools/openshift-lnkh2-internal-controlplane",
            "id": "/subscriptions/4834425c-3ea3-4c98-8736-36cc889377b4/resourceGroups/openshift-lnkh2-rg/providers/Microsoft.Network/networkInterfaces/openshift-lnkh2-master2-nic/ipConfigurations/pipConfig|/subscriptions/4834425c-3ea3-4c98-8736-36cc889377b4/resourceGroups/openshift-lnkh2-rg/providers/Microsoft.Network/loadBalancers/openshift-lnkh2-internal-lb/backendAddressPools/openshift-lnkh2-internal-controlplane",
            "ip_configuration_name": "pipConfig",
            "network_interface_id": "/subscriptions/4834425c-3ea3-4c98-8736-36cc889377b4/resourceGroups/openshift-lnkh2-rg/providers/Microsoft.Network/networkInterfaces/openshift-lnkh2-master2-nic",
            "timeouts": null
          },
          "private": "eyJlMmJmYjczMC1lY2FhLTExZTYtOGY4OC0zNDM2M2JjN2M0YzAiOnsiY3JlYXRlIjoxODAwMDAwMDAwMDAwLCJkZWxldGUiOjE4MDAwMDAwMDAwMDAsInJlYWQiOjMwMDAwMDAwMDAwMCwidXBkYXRlIjoxODAwMDAwMDAwMDAwfX0=",
          "depends_on": [
            "azurerm_network_interface.master"
          ]
        }
      ]
    },
    {
      "module": "module.bootstrap",
      "mode": "managed",
      "type": "azurerm_network_interface_backend_address_pool_association",
      "name": "public_lb_bootstrap",
      "provider": "provider.azurerm",
      "instances": [
        {
          "schema_version": 0,
          "attributes": {
            "backend_address_pool_id": "/subscriptions/4834425c-3ea3-4c98-8736-36cc889377b4/resourceGroups/openshift-lnkh2-rg/providers/Microsoft.Network/loadBalancers/openshift-lnkh2-public-lb/backendAddressPools/openshift-lnkh2-public-lb-control-plane",
            "id": "/subscriptions/4834425c-3ea3-4c98-8736-36cc889377b4/resourceGroups/openshift-lnkh2-rg/providers/Microsoft.Network/networkInterfaces/openshift-lnkh2-bootstrap-nic/ipConfigurations/bootstrap-nic-ip|/subscriptions/4834425c-3ea3-4c98-8736-36cc889377b4/resourceGroups/openshift-lnkh2-rg/providers/Microsoft.Network/loadBalancers/openshift-lnkh2-public-lb/backendAddressPools/openshift-lnkh2-public-lb-control-plane",
            "ip_configuration_name": "bootstrap-nic-ip",
            "network_interface_id": "/subscriptions/4834425c-3ea3-4c98-8736-36cc889377b4/resourceGroups/openshift-lnkh2-rg/providers/Microsoft.Network/networkInterfaces/openshift-lnkh2-bootstrap-nic",
            "timeouts": null
          },
          "private": "eyJlMmJmYjczMC1lY2FhLTExZTYtOGY4OC0zNDM2M2JjN2M0YzAiOnsiY3JlYXRlIjoxODAwMDAwMDAwMDAwLCJkZWxldGUiOjE4MDAwMDAwMDAwMDAsInJlYWQiOjMwMDAwMDAwMDAwMCwidXBkYXRlIjoxODAwMDAwMDAwMDAwfX0=",
          "depends_on": [
            "azurerm_network_interface.bootstrap"
          ]
        }
      ]
    },
    {
      "module": "module.vnet",
      "mode": "managed",
      "type": "azurerm_network_security_group",
      "name": "master",
      "provider": "provider.azurerm",
      "instances": [
        {
          "schema_version": 0,
          "attributes": {
            "id": "/subscriptions/4834425c-3ea3-4c98-8736-36cc889377b4/resourceGroups/openshift-lnkh2-rg/providers/Microsoft.Network/networkSecurityGroups/openshift-lnkh2-controlplane-nsg",
            "location": "uksouth",
            "name": "openshift-lnkh2-controlplane-nsg",
            "resource_group_name": "openshift-lnkh2-rg",
            "security_rule": [],
            "tags": null,
            "timeouts": null
          },
          "private": "eyJlMmJmYjczMC1lY2FhLTExZTYtOGY4OC0zNDM2M2JjN2M0YzAiOnsiY3JlYXRlIjoxODAwMDAwMDAwMDAwLCJkZWxldGUiOjE4MDAwMDAwMDAwMDAsInJlYWQiOjMwMDAwMDAwMDAwMCwidXBkYXRlIjoxODAwMDAwMDAwMDAwfX0="
        }
      ]
    },
    {
      "module": "module.vnet",
      "mode": "managed",
      "type": "azurerm_network_security_group",
      "name": "worker",
      "provider": "provider.azurerm",
      "instances": [
        {
          "schema_version": 0,
          "attributes": {
            "id": "/subscriptions/4834425c-3ea3-4c98-8736-36cc889377b4/resourceGroups/openshift-lnkh2-rg/providers/Microsoft.Network/networkSecurityGroups/openshift-lnkh2-node-nsg",
            "location": "uksouth",
            "name": "openshift-lnkh2-node-nsg",
            "resource_group_name": "openshift-lnkh2-rg",
            "security_rule": [],
            "tags": null,
            "timeouts": null
          },
          "private": "eyJlMmJmYjczMC1lY2FhLTExZTYtOGY4OC0zNDM2M2JjN2M0YzAiOnsiY3JlYXRlIjoxODAwMDAwMDAwMDAwLCJkZWxldGUiOjE4MDAwMDAwMDAwMDAsInJlYWQiOjMwMDAwMDAwMDAwMCwidXBkYXRlIjoxODAwMDAwMDAwMDAwfX0="
        }
      ]
    },
    {
      "module": "module.vnet",
      "mode": "managed",
      "type": "azurerm_network_security_rule",
      "name": "apiserver_in",
      "provider": "provider.azurerm",
      "instances": [
        {
          "schema_version": 0,
          "attributes": {
            "access": "Allow",
            "description": "",
            "destination_address_prefix": "*",
            "destination_address_prefixes": null,
            "destination_application_security_group_ids": null,
            "destination_port_range": "6443",
            "destination_port_ranges": null,
            "direction": "Inbound",
            "id": "/subscriptions/4834425c-3ea3-4c98-8736-36cc889377b4/resourceGroups/openshift-lnkh2-rg/providers/Microsoft.Network/networkSecurityGroups/openshift-lnkh2-controlplane-nsg/securityRules/apiserver_in",
            "name": "apiserver_in",
            "network_security_group_name": "openshift-lnkh2-controlplane-nsg",
            "priority": 101,
            "protocol": "Tcp",
            "resource_group_name": "openshift-lnkh2-rg",
            "source_address_prefix": "*",
            "source_address_prefixes": null,
            "source_application_security_group_ids": null,
            "source_port_range": "*",
            "source_port_ranges": null,
            "timeouts": null
          },
          "private": "eyJlMmJmYjczMC1lY2FhLTExZTYtOGY4OC0zNDM2M2JjN2M0YzAiOnsiY3JlYXRlIjoxODAwMDAwMDAwMDAwLCJkZWxldGUiOjE4MDAwMDAwMDAwMDAsInJlYWQiOjMwMDAwMDAwMDAwMCwidXBkYXRlIjoxODAwMDAwMDAwMDAwfX0=",
          "depends_on": [
            "azurerm_network_security_group.master"
          ]
        }
      ]
    },
    {
      "module": "module.bootstrap",
      "mode": "managed",
      "type": "azurerm_network_security_rule",
      "name": "bootstrap_ssh_in",
      "provider": "provider.azurerm",
      "instances": [
        {
          "schema_version": 0,
          "attributes": {
            "access": "Allow",
            "description": "",
            "destination_address_prefix": "*",
            "destination_address_prefixes": null,
            "destination_application_security_group_ids": null,
            "destination_port_range": "22",
            "destination_port_ranges": null,
            "direction": "Inbound",
            "id": "/subscriptions/4834425c-3ea3-4c98-8736-36cc889377b4/resourceGroups/openshift-lnkh2-rg/providers/Microsoft.Network/networkSecurityGroups/openshift-lnkh2-controlplane-nsg/securityRules/bootstrap_ssh_in",
            "name": "bootstrap_ssh_in",
            "network_security_group_name": "openshift-lnkh2-controlplane-nsg",
            "priority": 103,
            "protocol": "Tcp",
            "resource_group_name": "openshift-lnkh2-rg",
            "source_address_prefix": "*",
            "source_address_prefixes": null,
            "source_application_security_group_ids": null,
            "source_port_range": "*",
            "source_port_ranges": null,
            "timeouts": null
          },
          "private": "eyJlMmJmYjczMC1lY2FhLTExZTYtOGY4OC0zNDM2M2JjN2M0YzAiOnsiY3JlYXRlIjoxODAwMDAwMDAwMDAwLCJkZWxldGUiOjE4MDAwMDAwMDAwMDAsInJlYWQiOjMwMDAwMDAwMDAwMCwidXBkYXRlIjoxODAwMDAwMDAwMDAwfX0="
        }
      ]
    },
    {
      "module": "module.vnet",
      "mode": "managed",
      "type": "azurerm_network_security_rule",
      "name": "sint_in",
      "provider": "provider.azurerm",
      "instances": [
        {
          "schema_version": 0,
          "attributes": {
            "access": "Allow",
            "description": "",
            "destination_address_prefix": "*",
            "destination_address_prefixes": null,
            "destination_application_security_group_ids": null,
            "destination_port_range": "22623",
            "destination_port_ranges": null,
            "direction": "Inbound",
            "id": "/subscriptions/4834425c-3ea3-4c98-8736-36cc889377b4/resourceGroups/openshift-lnkh2-rg/providers/Microsoft.Network/networkSecurityGroups/openshift-lnkh2-controlplane-nsg/securityRules/sint_in",
            "name": "sint_in",
            "network_security_group_name": "openshift-lnkh2-controlplane-nsg",
            "priority": 102,
            "protocol": "Tcp",
            "resource_group_name": "openshift-lnkh2-rg",
            "source_address_prefix": "*",
            "source_address_prefixes": null,
            "source_application_security_group_ids": null,
            "source_port_range": "*",
            "source_port_ranges": null,
            "timeouts": null
          },
          "private": "eyJlMmJmYjczMC1lY2FhLTExZTYtOGY4OC0zNDM2M2JjN2M0YzAiOnsiY3JlYXRlIjoxODAwMDAwMDAwMDAwLCJkZWxldGUiOjE4MDAwMDAwMDAwMDAsInJlYWQiOjMwMDAwMDAwMDAwMCwidXBkYXRlIjoxODAwMDAwMDAwMDAwfX0=",
          "depends_on": [
            "azurerm_network_security_group.master"
          ]
        }
      ]
    },
    {
      "module": "module.vnet",
      "mode": "managed",
      "type": "azurerm_network_security_rule",
      "name": "tcp-http",
      "provider": "provider.azurerm",
      "instances": [
        {
          "schema_version": 0,
          "attributes": {
            "access": "Allow",
            "description": "",
            "destination_address_prefix": "VirtualNetwork",
            "destination_address_prefixes": null,
            "destination_application_security_group_ids": null,
            "destination_port_range": "80",
            "destination_port_ranges": null,
            "direction": "Inbound",
            "id": "/subscriptions/4834425c-3ea3-4c98-8736-36cc889377b4/resourceGroups/openshift-lnkh2-rg/providers/Microsoft.Network/networkSecurityGroups/openshift-lnkh2-node-nsg/securityRules/tcp-80",
            "name": "tcp-80",
            "network_security_group_name": "openshift-lnkh2-node-nsg",
            "priority": 500,
            "protocol": "Tcp",
            "resource_group_name": "openshift-lnkh2-rg",
            "source_address_prefix": "*",
            "source_address_prefixes": null,
            "source_application_security_group_ids": null,
            "source_port_range": "*",
            "source_port_ranges": null,
            "timeouts": null
          },
          "private": "eyJlMmJmYjczMC1lY2FhLTExZTYtOGY4OC0zNDM2M2JjN2M0YzAiOnsiY3JlYXRlIjoxODAwMDAwMDAwMDAwLCJkZWxldGUiOjE4MDAwMDAwMDAwMDAsInJlYWQiOjMwMDAwMDAwMDAwMCwidXBkYXRlIjoxODAwMDAwMDAwMDAwfX0=",
          "depends_on": [
            "azurerm_network_security_group.worker"
          ]
        }
      ]
    },
    {
      "module": "module.vnet",
      "mode": "managed",
      "type": "azurerm_network_security_rule",
      "name": "tcp-https",
      "provider": "provider.azurerm",
      "instances": [
        {
          "schema_version": 0,
          "attributes": {
            "access": "Allow",
            "description": "",
            "destination_address_prefix": "VirtualNetwork",
            "destination_address_prefixes": null,
            "destination_application_security_group_ids": null,
            "destination_port_range": "443",
            "destination_port_ranges": null,
            "direction": "Inbound",
            "id": "/subscriptions/4834425c-3ea3-4c98-8736-36cc889377b4/resourceGroups/openshift-lnkh2-rg/providers/Microsoft.Network/networkSecurityGroups/openshift-lnkh2-node-nsg/securityRules/tcp-443",
            "name": "tcp-443",
            "network_security_group_name": "openshift-lnkh2-node-nsg",
            "priority": 501,
            "protocol": "Tcp",
            "resource_group_name": "openshift-lnkh2-rg",
            "source_address_prefix": "*",
            "source_address_prefixes": null,
            "source_application_security_group_ids": null,
            "source_port_range": "*",
            "source_port_ranges": null,
            "timeouts": null
          },
          "private": "eyJlMmJmYjczMC1lY2FhLTExZTYtOGY4OC0zNDM2M2JjN2M0YzAiOnsiY3JlYXRlIjoxODAwMDAwMDAwMDAwLCJkZWxldGUiOjE4MDAwMDAwMDAwMDAsInJlYWQiOjMwMDAwMDAwMDAwMCwidXBkYXRlIjoxODAwMDAwMDAwMDAwfX0=",
          "depends_on": [
            "azurerm_network_security_group.worker"
          ]
        }
      ]
    },
    {
      "module": "module.bootstrap",
      "mode": "managed",
      "type": "azurerm_public_ip",
      "name": "bootstrap_public_ip",
      "provider": "provider.azurerm",
      "instances": [
        {
          "schema_version": 0,
          "attributes": {
            "allocation_method": "Static",
            "domain_name_label": null,
            "fqdn": null,
            "id": "/subscriptions/4834425c-3ea3-4c98-8736-36cc889377b4/resourceGroups/openshift-lnkh2-rg/providers/Microsoft.Network/publicIPAddresses/openshift-lnkh2-bootstrap-pip",
            "idle_timeout_in_minutes": 4,
            "ip_address": "51.143.228.5",
            "ip_tags": null,
            "ip_version": "IPv4",
            "location": "uksouth",
            "name": "openshift-lnkh2-bootstrap-pip",
            "public_ip_prefix_id": null,
            "resource_group_name": "openshift-lnkh2-rg",
            "reverse_fqdn": null,
            "sku": "Standard",
            "tags": null,
            "timeouts": null,
            "zones": null
          },
          "private": "eyJlMmJmYjczMC1lY2FhLTExZTYtOGY4OC0zNDM2M2JjN2M0YzAiOnsiY3JlYXRlIjoxODAwMDAwMDAwMDAwLCJkZWxldGUiOjE4MDAwMDAwMDAwMDAsInJlYWQiOjMwMDAwMDAwMDAwMCwidXBkYXRlIjoxODAwMDAwMDAwMDAwfX0="
        }
      ]
    },
    {
      "module": "module.vnet",
      "mode": "managed",
      "type": "azurerm_public_ip",
      "name": "cluster_public_ip",
      "provider": "provider.azurerm",
      "instances": [
        {
          "schema_version": 0,
          "attributes": {
            "allocation_method": "Static",
            "domain_name_label": "openshift-lnkh2",
            "fqdn": "openshift-lnkh2.uksouth.cloudapp.azure.com",
            "id": "/subscriptions/4834425c-3ea3-4c98-8736-36cc889377b4/resourceGroups/openshift-lnkh2-rg/providers/Microsoft.Network/publicIPAddresses/openshift-lnkh2-pip",
            "idle_timeout_in_minutes": 4,
            "ip_address": "51.143.226.96",
            "ip_tags": null,
            "ip_version": "IPv4",
            "location": "uksouth",
            "name": "openshift-lnkh2-pip",
            "public_ip_prefix_id": null,
            "resource_group_name": "openshift-lnkh2-rg",
            "reverse_fqdn": "",
            "sku": "Standard",
            "tags": null,
            "timeouts": null,
            "zones": null
          },
          "private": "eyJlMmJmYjczMC1lY2FhLTExZTYtOGY4OC0zNDM2M2JjN2M0YzAiOnsiY3JlYXRlIjoxODAwMDAwMDAwMDAwLCJkZWxldGUiOjE4MDAwMDAwMDAwMDAsInJlYWQiOjMwMDAwMDAwMDAwMCwidXBkYXRlIjoxODAwMDAwMDAwMDAwfX0="
        }
      ]
    },
    {
      "mode": "managed",
      "type": "azurerm_resource_group",
      "name": "main",
      "provider": "provider.azurerm",
      "instances": [
        {
          "schema_version": 0,
          "attributes": {
            "id": "/subscriptions/4834425c-3ea3-4c98-8736-36cc889377b4/resourceGroups/openshift-lnkh2-rg",
            "location": "uksouth",
            "name": "openshift-lnkh2-rg",
            "tags": null,
            "timeouts": null
          },
          "private": "eyJlMmJmYjczMC1lY2FhLTExZTYtOGY4OC0zNDM2M2JjN2M0YzAiOnsiY3JlYXRlIjo1NDAwMDAwMDAwMDAwLCJkZWxldGUiOjU0MDAwMDAwMDAwMDAsInJlYWQiOjMwMDAwMDAwMDAwMCwidXBkYXRlIjo1NDAwMDAwMDAwMDAwfX0="
        }
      ]
    },
    {
      "mode": "managed",
      "type": "azurerm_role_assignment",
      "name": "main",
      "provider": "provider.azurerm",
      "instances": [
        {
          "schema_version": 0,
          "attributes": {
            "condition": "",
            "condition_version": "",
            "description": "",
            "id": "/subscriptions/4834425c-3ea3-4c98-8736-36cc889377b4/resourceGroups/openshift-lnkh2-rg/providers/Microsoft.Authorization/roleAssignments/382989ba-ecf3-12cb-71ea-6ffeb8665260",
            "name": "382989ba-ecf3-12cb-71ea-6ffeb8665260",
            "principal_id": "76ee3b84-a5e7-42cd-ad96-056ede1f6e55",
            "principal_type": "ServicePrincipal",
            "role_definition_id": "/subscriptions/4834425c-3ea3-4c98-8736-36cc889377b4/providers/Microsoft.Authorization/roleDefinitions/b24988ac-6180-42a0-ab88-20f7382dd24c",
            "role_definition_name": "Contributor",
            "scope": "/subscriptions/4834425c-3ea3-4c98-8736-36cc889377b4/resourceGroups/openshift-lnkh2-rg",
            "skip_service_principal_aad_check": null,
            "timeouts": null
          },
          "private": "eyJlMmJmYjczMC1lY2FhLTExZTYtOGY4OC0zNDM2M2JjN2M0YzAiOnsiY3JlYXRlIjoxODAwMDAwMDAwMDAwLCJkZWxldGUiOjE4MDAwMDAwMDAwMDAsInJlYWQiOjMwMDAwMDAwMDAwMCwidXBkYXRlIjoxODAwMDAwMDAwMDAwfX0=",
          "depends_on": [
            "azurerm_resource_group.main",
            "azurerm_user_assigned_identity.main"
          ]
        }
      ]
    },
    {
      "mode": "managed",
      "type": "azurerm_storage_account",
      "name": "bootdiag",
      "provider": "provider.azurerm",
      "instances": [
        {
          "schema_version": 2,
          "attributes": {
            "access_tier": "Hot",
            "account_kind": "StorageV2",
            "account_replication_type": "LRS",
            "account_tier": "Standard",
            "allow_blob_public_access": false,
            "blob_properties": [],
            "custom_domain": [],
            "enable_https_traffic_only": true,
            "id": "/subscriptions/4834425c-3ea3-4c98-8736-36cc889377b4/resourceGroups/openshift-lnkh2-rg/providers/Microsoft.Storage/storageAccounts/bootdiaglnkh2",
            "identity": [],
            "is_hns_enabled": false,
            "large_file_share_enabled": null,
            "location": "uksouth",
            "min_tls_version": "TLS1_0",
            "name": "bootdiaglnkh2",
            "network_rules": [
              {
                "bypass": [
                  "AzureServices"
                ],
                "default_action": "Allow",
                "ip_rules": [],
                "virtual_network_subnet_ids": []
              }
            ],
            "primary_access_key": "bFP+4PGqGjvJAFa4biBwlNnvuNltMRpZM0qNezPoxjwAA5f9vLI4CVss8WslNeQKSKenk+x1ffbbxHwt24BeOA==",
            "primary_blob_connection_string": "DefaultEndpointsProtocol=https;BlobEndpoint=https://bootdiaglnkh2.blob.core.windows.net/;AccountName=bootdiaglnkh2;AccountKey=bFP+4PGqGjvJAFa4biBwlNnvuNltMRpZM0qNezPoxjwAA5f9vLI4CVss8WslNeQKSKenk+x1ffbbxHwt24BeOA==",
            "primary_blob_endpoint": "https://bootdiaglnkh2.blob.core.windows.net/",
            "primary_blob_host": "bootdiaglnkh2.blob.core.windows.net",
            "primary_connection_string": "DefaultEndpointsProtocol=https;AccountName=bootdiaglnkh2;AccountKey=bFP+4PGqGjvJAFa4biBwlNnvuNltMRpZM0qNezPoxjwAA5f9vLI4CVss8WslNeQKSKenk+x1ffbbxHwt24BeOA==;EndpointSuffix=core.windows.net",
            "primary_dfs_endpoint": "https://bootdiaglnkh2.dfs.core.windows.net/",
            "primary_dfs_host": "bootdiaglnkh2.dfs.core.windows.net",
            "primary_file_endpoint": "https://bootdiaglnkh2.file.core.windows.net/",
            "primary_file_host": "bootdiaglnkh2.file.core.windows.net",
            "primary_location": "uksouth",
            "primary_queue_endpoint": "https://bootdiaglnkh2.queue.core.windows.net/",
            "primary_queue_host": "bootdiaglnkh2.queue.core.windows.net",
            "primary_table_endpoint": "https://bootdiaglnkh2.table.core.windows.net/",
            "primary_table_host": "bootdiaglnkh2.table.core.windows.net",
            "primary_web_endpoint": "https://bootdiaglnkh2.z33.web.core.windows.net/",
            "primary_web_host": "bootdiaglnkh2.z33.web.core.windows.net",
            "queue_properties": [
              {
                "cors_rule": [],
                "hour_metrics": [
                  {
                    "enabled": true,
                    "include_apis": true,
                    "retention_policy_days": 7,
                    "version": "1.0"
                  }
                ],
                "logging": [
                  {
                    "delete": false,
                    "read": false,
                    "retention_policy_days": 0,
                    "version": "1.0",
                    "write": false
                  }
                ],
                "minute_metrics": [
                  {
                    "enabled": false,
                    "include_apis": false,
                    "retention_policy_days": 0,
                    "version": "1.0"
                  }
                ]
              }
            ],
            "resource_group_name": "openshift-lnkh2-rg",
            "secondary_access_key": "1MGpg6C27SbbUr+InbuGUjEF42ad+5GkGtCAtoFJnFNq65fnwDzH/uUYpoh2Cy8a045u4HLPPt3bdA5t/thLTQ==",
            "secondary_blob_connection_string": "",
            "secondary_blob_endpoint": null,
            "secondary_blob_host": null,
            "secondary_connection_string": "DefaultEndpointsProtocol=https;AccountName=bootdiaglnkh2;AccountKey=1MGpg6C27SbbUr+InbuGUjEF42ad+5GkGtCAtoFJnFNq65fnwDzH/uUYpoh2Cy8a045u4HLPPt3bdA5t/thLTQ==;EndpointSuffix=core.windows.net",
            "secondary_dfs_endpoint": null,
            "secondary_dfs_host": null,
            "secondary_file_endpoint": null,
            "secondary_file_host": null,
            "secondary_location": "",
            "secondary_queue_endpoint": null,
            "secondary_queue_host": null,
            "secondary_table_endpoint": null,
            "secondary_table_host": null,
            "secondary_web_endpoint": null,
            "secondary_web_host": null,
            "static_website": [],
            "tags": null,
            "timeouts": null
          },
          "private": "eyJlMmJmYjczMC1lY2FhLTExZTYtOGY4OC0zNDM2M2JjN2M0YzAiOnsiY3JlYXRlIjozNjAwMDAwMDAwMDAwLCJkZWxldGUiOjM2MDAwMDAwMDAwMDAsInJlYWQiOjMwMDAwMDAwMDAwMCwidXBkYXRlIjozNjAwMDAwMDAwMDAwfSwic2NoZW1hX3ZlcnNpb24iOiIyIn0=",
          "depends_on": [
            "azurerm_resource_group.main"
          ]
        }
      ]
    },
    {
      "mode": "managed",
      "type": "azurerm_storage_account",
      "name": "ignition",
      "provider": "provider.azurerm",
      "instances": [
        {
          "schema_version": 2,
          "attributes": {
            "access_tier": "Hot",
            "account_kind": "StorageV2",
            "account_replication_type": "LRS",
            "account_tier": "Standard",
            "allow_blob_public_access": false,
            "blob_properties": [],
            "custom_domain": [],
            "enable_https_traffic_only": true,
            "id": "/subscriptions/4834425c-3ea3-4c98-8736-36cc889377b4/resourceGroups/openshift-lnkh2-rg/providers/Microsoft.Storage/storageAccounts/ignitionlnkh2",
            "identity": [],
            "is_hns_enabled": false,
            "large_file_share_enabled": null,
            "location": "uksouth",
            "min_tls_version": "TLS1_0",
            "name": "ignitionlnkh2",
            "network_rules": [
              {
                "bypass": [
                  "AzureServices"
                ],
                "default_action": "Allow",
                "ip_rules": [],
                "virtual_network_subnet_ids": []
              }
            ],
            "primary_access_key": "SDB5Ulk/WOaPWb5R6oLITZ99sKi1FXlHtRweMIlS1P2jdIIEANr3DYDg0hLlo8kv1RWLO/Hc+ozXhystAA39xg==",
            "primary_blob_connection_string": "DefaultEndpointsProtocol=https;BlobEndpoint=https://ignitionlnkh2.blob.core.windows.net/;AccountName=ignitionlnkh2;AccountKey=SDB5Ulk/WOaPWb5R6oLITZ99sKi1FXlHtRweMIlS1P2jdIIEANr3DYDg0hLlo8kv1RWLO/Hc+ozXhystAA39xg==",
            "primary_blob_endpoint": "https://ignitionlnkh2.blob.core.windows.net/",
            "primary_blob_host": "ignitionlnkh2.blob.core.windows.net",
            "primary_connection_string": "DefaultEndpointsProtocol=https;AccountName=ignitionlnkh2;AccountKey=SDB5Ulk/WOaPWb5R6oLITZ99sKi1FXlHtRweMIlS1P2jdIIEANr3DYDg0hLlo8kv1RWLO/Hc+ozXhystAA39xg==;EndpointSuffix=core.windows.net",
            "primary_dfs_endpoint": "https://ignitionlnkh2.dfs.core.windows.net/",
            "primary_dfs_host": "ignitionlnkh2.dfs.core.windows.net",
            "primary_file_endpoint": "https://ignitionlnkh2.file.core.windows.net/",
            "primary_file_host": "ignitionlnkh2.file.core.windows.net",
            "primary_location": "uksouth",
            "primary_queue_endpoint": "https://ignitionlnkh2.queue.core.windows.net/",
            "primary_queue_host": "ignitionlnkh2.queue.core.windows.net",
            "primary_table_endpoint": "https://ignitionlnkh2.table.core.windows.net/",
            "primary_table_host": "ignitionlnkh2.table.core.windows.net",
            "primary_web_endpoint": "https://ignitionlnkh2.z33.web.core.windows.net/",
            "primary_web_host": "ignitionlnkh2.z33.web.core.windows.net",
            "queue_properties": [
              {
                "cors_rule": [],
                "hour_metrics": [
                  {
                    "enabled": true,
                    "include_apis": true,
                    "retention_policy_days": 7,
                    "version": "1.0"
                  }
                ],
                "logging": [
                  {
                    "delete": false,
                    "read": false,
                    "retention_policy_days": 0,
                    "version": "1.0",
                    "write": false
                  }
                ],
                "minute_metrics": [
                  {
                    "enabled": false,
                    "include_apis": false,
                    "retention_policy_days": 0,
                    "version": "1.0"
                  }
                ]
              }
            ],
            "resource_group_name": "openshift-lnkh2-rg",
            "secondary_access_key": "q9t3Q+HbC7b9nl4q1rpDY+k/XrK6jjaaqf6xRSBfIYa3MtK9uQ2BsfKaZSBr/VEwUC7yk6fE5fLYAEdt7tBLMA==",
            "secondary_blob_connection_string": "",
            "secondary_blob_endpoint": null,
            "secondary_blob_host": null,
            "secondary_connection_string": "DefaultEndpointsProtocol=https;AccountName=ignitionlnkh2;AccountKey=q9t3Q+HbC7b9nl4q1rpDY+k/XrK6jjaaqf6xRSBfIYa3MtK9uQ2BsfKaZSBr/VEwUC7yk6fE5fLYAEdt7tBLMA==;EndpointSuffix=core.windows.net",
            "secondary_dfs_endpoint": null,
            "secondary_dfs_host": null,
            "secondary_file_endpoint": null,
            "secondary_file_host": null,
            "secondary_location": "",
            "secondary_queue_endpoint": null,
            "secondary_queue_host": null,
            "secondary_table_endpoint": null,
            "secondary_table_host": null,
            "secondary_web_endpoint": null,
            "secondary_web_host": null,
            "static_website": [],
            "tags": null,
            "timeouts": null
          },
          "private": "eyJlMmJmYjczMC1lY2FhLTExZTYtOGY4OC0zNDM2M2JjN2M0YzAiOnsiY3JlYXRlIjozNjAwMDAwMDAwMDAwLCJkZWxldGUiOjM2MDAwMDAwMDAwMDAsInJlYWQiOjMwMDAwMDAwMDAwMCwidXBkYXRlIjozNjAwMDAwMDAwMDAwfSwic2NoZW1hX3ZlcnNpb24iOiIyIn0=",
          "depends_on": [
            "azurerm_resource_group.main"
          ]
        }
      ]
    },
    {
      "mode": "managed",
      "type": "azurerm_storage_container",
      "name": "ignition",
      "provider": "provider.azurerm",
      "instances": [
        {
          "schema_version": 1,
          "attributes": {
            "container_access_type": "private",
            "has_immutability_policy": false,
            "has_legal_hold": false,
            "id": "https://ignitionlnkh2.blob.core.windows.net/ignition",
            "metadata": {},
            "name": "ignition",
            "resource_manager_id": "/subscriptions/4834425c-3ea3-4c98-8736-36cc889377b4/resourceGroups/openshift-lnkh2-rg/providers/Microsoft.Storage/storageAccounts/ignitionlnkh2/blobServices/default/containers/ignition",
            "storage_account_name": "ignitionlnkh2",
            "timeouts": null
          },
          "private": "eyJlMmJmYjczMC1lY2FhLTExZTYtOGY4OC0zNDM2M2JjN2M0YzAiOnsiY3JlYXRlIjoxODAwMDAwMDAwMDAwLCJkZWxldGUiOjE4MDAwMDAwMDAwMDAsInJlYWQiOjMwMDAwMDAwMDAwMCwidXBkYXRlIjoxODAwMDAwMDAwMDAwfSwic2NoZW1hX3ZlcnNpb24iOiIxIn0=",
          "depends_on": [
            "azurerm_storage_account.ignition"
          ]
        }
      ]
    },
    {
      "module": "module.vnet",
      "mode": "managed",
      "type": "azurerm_subnet",
      "name": "master_subnet",
      "provider": "provider.azurerm",
      "instances": [
        {
          "schema_version": 0,
          "attributes": {
            "address_prefix": "10.0.0.0/19",
            "address_prefixes": [
              "10.0.0.0/19"
            ],
            "delegation": [],
            "enforce_private_link_endpoint_network_policies": false,
            "enforce_private_link_service_network_policies": false,
            "id": "/subscriptions/4834425c-3ea3-4c98-8736-36cc889377b4/resourceGroups/openshift-lnkh2-rg/providers/Microsoft.Network/virtualNetworks/openshift-lnkh2-vnet/subnets/openshift-lnkh2-master-subnet",
            "name": "openshift-lnkh2-master-subnet",
            "resource_group_name": "openshift-lnkh2-rg",
            "service_endpoint_policy_ids": null,
            "service_endpoints": null,
            "timeouts": null,
            "virtual_network_name": "openshift-lnkh2-vnet"
          },
          "private": "eyJlMmJmYjczMC1lY2FhLTExZTYtOGY4OC0zNDM2M2JjN2M0YzAiOnsiY3JlYXRlIjoxODAwMDAwMDAwMDAwLCJkZWxldGUiOjE4MDAwMDAwMDAwMDAsInJlYWQiOjMwMDAwMDAwMDAwMCwidXBkYXRlIjoxODAwMDAwMDAwMDAwfX0="
        }
      ]
    },
    {
      "module": "module.vnet",
      "mode": "managed",
      "type": "azurerm_subnet",
      "name": "node_subnet",
      "provider": "provider.azurerm",
      "instances": [
        {
          "schema_version": 0,
          "attributes": {
            "address_prefix": "10.0.32.0/19",
            "address_prefixes": [
              "10.0.32.0/19"
            ],
            "delegation": [],
            "enforce_private_link_endpoint_network_policies": false,
            "enforce_private_link_service_network_policies": false,
            "id": "/subscriptions/4834425c-3ea3-4c98-8736-36cc889377b4/resourceGroups/openshift-lnkh2-rg/providers/Microsoft.Network/virtualNetworks/openshift-lnkh2-vnet/subnets/openshift-lnkh2-worker-subnet",
            "name": "openshift-lnkh2-worker-subnet",
            "resource_group_name": "openshift-lnkh2-rg",
            "service_endpoint_policy_ids": null,
            "service_endpoints": null,
            "timeouts": null,
            "virtual_network_name": "openshift-lnkh2-vnet"
          },
          "private": "eyJlMmJmYjczMC1lY2FhLTExZTYtOGY4OC0zNDM2M2JjN2M0YzAiOnsiY3JlYXRlIjoxODAwMDAwMDAwMDAwLCJkZWxldGUiOjE4MDAwMDAwMDAwMDAsInJlYWQiOjMwMDAwMDAwMDAwMCwidXBkYXRlIjoxODAwMDAwMDAwMDAwfX0="
        }
      ]
    },
    {
      "module": "module.vnet",
      "mode": "managed",
      "type": "azurerm_subnet_network_security_group_association",
      "name": "master",
      "provider": "provider.azurerm",
      "instances": [
        {
          "schema_version": 0,
          "attributes": {
            "id": "/subscriptions/4834425c-3ea3-4c98-8736-36cc889377b4/resourceGroups/openshift-lnkh2-rg/providers/Microsoft.Network/virtualNetworks/openshift-lnkh2-vnet/subnets/openshift-lnkh2-master-subnet",
            "network_security_group_id": "/subscriptions/4834425c-3ea3-4c98-8736-36cc889377b4/resourceGroups/openshift-lnkh2-rg/providers/Microsoft.Network/networkSecurityGroups/openshift-lnkh2-controlplane-nsg",
            "subnet_id": "/subscriptions/4834425c-3ea3-4c98-8736-36cc889377b4/resourceGroups/openshift-lnkh2-rg/providers/Microsoft.Network/virtualNetworks/openshift-lnkh2-vnet/subnets/openshift-lnkh2-master-subnet",
            "timeouts": null
          },
          "private": "eyJlMmJmYjczMC1lY2FhLTExZTYtOGY4OC0zNDM2M2JjN2M0YzAiOnsiY3JlYXRlIjoxODAwMDAwMDAwMDAwLCJkZWxldGUiOjE4MDAwMDAwMDAwMDAsInJlYWQiOjMwMDAwMDAwMDAwMCwidXBkYXRlIjoxODAwMDAwMDAwMDAwfX0=",
          "depends_on": [
            "azurerm_network_security_group.master",
            "azurerm_subnet.master_subnet"
          ]
        }
      ]
    },
    {
      "module": "module.vnet",
      "mode": "managed",
      "type": "azurerm_subnet_network_security_group_association",
      "name": "worker",
      "provider": "provider.azurerm",
      "instances": [
        {
          "schema_version": 0,
          "attributes": {
            "id": "/subscriptions/4834425c-3ea3-4c98-8736-36cc889377b4/resourceGroups/openshift-lnkh2-rg/providers/Microsoft.Network/virtualNetworks/openshift-lnkh2-vnet/subnets/openshift-lnkh2-worker-subnet",
            "network_security_group_id": "/subscriptions/4834425c-3ea3-4c98-8736-36cc889377b4/resourceGroups/openshift-lnkh2-rg/providers/Microsoft.Network/networkSecurityGroups/openshift-lnkh2-node-nsg",
            "subnet_id": "/subscriptions/4834425c-3ea3-4c98-8736-36cc889377b4/resourceGroups/openshift-lnkh2-rg/providers/Microsoft.Network/virtualNetworks/openshift-lnkh2-vnet/subnets/openshift-lnkh2-worker-subnet",
            "timeouts": null
          },
          "private": "eyJlMmJmYjczMC1lY2FhLTExZTYtOGY4OC0zNDM2M2JjN2M0YzAiOnsiY3JlYXRlIjoxODAwMDAwMDAwMDAwLCJkZWxldGUiOjE4MDAwMDAwMDAwMDAsInJlYWQiOjMwMDAwMDAwMDAwMCwidXBkYXRlIjoxODAwMDAwMDAwMDAwfX0=",
          "depends_on": [
            "azurerm_network_security_group.worker",
            "azurerm_subnet.node_subnet"
          ]
        }
      ]
    },
    {
      "mode": "managed",
      "type": "azurerm_user_assigned_identity",
      "name": "main",
      "provider": "provider.azurerm",
      "instances": [
        {
          "schema_version": 1,
          "attributes": {
            "client_id": "42fe0881-e998-4c3e-a158-15a980f395fd",
            "id": "/subscriptions/4834425c-3ea3-4c98-8736-36cc889377b4/resourceGroups/openshift-lnkh2-rg/providers/Microsoft.ManagedIdentity/userAssignedIdentities/identitylnkh2",
            "location": "uksouth",
            "name": "identitylnkh2",
            "principal_id": "76ee3b84-a5e7-42cd-ad96-056ede1f6e55",
            "resource_group_name": "openshift-lnkh2-rg",
            "tags": null,
            "tenant_id": "fd1753c9-a6ed-427e-adf2-2d24e68e6da5",
            "timeouts": null
          },
          "private": "eyJlMmJmYjczMC1lY2FhLTExZTYtOGY4OC0zNDM2M2JjN2M0YzAiOnsiY3JlYXRlIjoxODAwMDAwMDAwMDAwLCJkZWxldGUiOjE4MDAwMDAwMDAwMDAsInJlYWQiOjMwMDAwMDAwMDAwMCwidXBkYXRlIjoxODAwMDAwMDAwMDAwfSwic2NoZW1hX3ZlcnNpb24iOiIxIn0=",
          "depends_on": [
            "azurerm_resource_group.main"
          ]
        }
      ]
    },
    {
      "module": "module.bootstrap",
      "mode": "managed",
      "type": "azurerm_virtual_machine",
      "name": "bootstrap",
      "provider": "provider.azurerm",
      "instances": []
    },
    {
      "module": "module.master",
      "mode": "managed",
      "type": "azurerm_virtual_machine",
      "name": "master",
      "each": "list",
      "provider": "provider.azurerm",
      "instances": []
    },
    {
      "mode": "managed",
      "type": "azurerm_virtual_network",
      "name": "cluster_vnet",
      "provider": "provider.azurerm",
      "instances": [
        {
          "schema_version": 0,
          "attributes": {
            "address_space": [
              "10.0.0.0/16"
            ],
            "bgp_community": "",
            "ddos_protection_plan": [],
            "dns_servers": null,
            "guid": "8c8be317-a05c-4165-931c-522fca45b7fb",
            "id": "/subscriptions/4834425c-3ea3-4c98-8736-36cc889377b4/resourceGroups/openshift-lnkh2-rg/providers/Microsoft.Network/virtualNetworks/openshift-lnkh2-vnet",
            "location": "uksouth",
            "name": "openshift-lnkh2-vnet",
            "resource_group_name": "openshift-lnkh2-rg",
            "subnet": [],
            "tags": null,
            "timeouts": null,
            "vm_protection_enabled": false
          },
          "private": "eyJlMmJmYjczMC1lY2FhLTExZTYtOGY4OC0zNDM2M2JjN2M0YzAiOnsiY3JlYXRlIjoxODAwMDAwMDAwMDAwLCJkZWxldGUiOjE4MDAwMDAwMDAwMDAsInJlYWQiOjMwMDAwMDAwMDAwMCwidXBkYXRlIjoxODAwMDAwMDAwMDAwfX0=",
          "depends_on": [
            "azurerm_resource_group.main"
          ]
        }
      ]
    }
  ]
}
